
Microsoft Visual Studio Solution File, Format Version 12.00
# Visual Studio 2013
VisualStudioVersion = 12.0.30723.0
MinimumVisualStudioVersion = 10.0.40219.1
Project("{FAE04EC0-301F-11D3-BF4B-00C04F79EFBC}") = "LaunchDebug", "LaunchDebug\LaunchDebug.csproj", "{5BC6C6DF-BB6B-453D-BB06-81851A47C8A1}"
EndProject
Project("{FAE04EC0-301F-11D3-BF4B-00C04F79EFBC}") = "HostApp", "HostApp\HostApp.csproj", "{3CB19194-C7FC-492E-9F40-AA135E68DC2B}"
	ProjectSection(ProjectDependencies) = postProject
		{EA163CC8-8B9B-49A5-A3AB-4BFDAFD818DF} = {EA163CC8-8B9B-49A5-A3AB-4BFDAFD818DF}
	EndProjectSection
EndProject
Project("{8BC9CEB8-8B4A-11D0-8D11-00A0C91BC942}") = "WPTelnetD", "WPTelnetD\WPTelnetD.vcxproj", "{55138CB5-20D8-43C4-BD96-35E950383AC8}"
EndProject
Project("{2150E333-8FDC-42A3-9474-1A3956D46DE8}") = "ManagerApp", "ManagerApp", "{1B3EC19D-9131-4E48-A8E1-F8DB1445ED35}"
EndProject
Project("{8BC9CEB8-8B4A-11D0-8D11-00A0C91BC942}") = "DevProgram", "ManagerApp\DevProgram\DevProgram.vcxproj", "{829699E2-5B62-45DA-9E11-3886D4C6EBF4}"
EndProject
Project("{8BC9CEB8-8B4A-11D0-8D11-00A0C91BC942}") = "RegistryUtils", "ManagerApp\RegistryUtils\RegistryUtils.vcxproj", "{782D5B6C-3CCB-40BE-87F5-543D2C0E0AB1}"
EndProject
Project("{8BC9CEB8-8B4A-11D0-8D11-00A0C91BC942}") = "RegistryWPRT", "ManagerApp\RegistryWPRT\RegistryWPRT.vcxproj", "{CDF54DFF-0112-4572-971B-6288FBCA9ACD}"
EndProject
Project("{FAE04EC0-301F-11D3-BF4B-00C04F79EFBC}") = "WPTelnetManagerApp", "ManagerApp\WPTelnetManagerApp\WPTelnetManagerApp.csproj", "{EA163CC8-8B9B-49A5-A3AB-4BFDAFD818DF}"
EndProject
Project("{FAE04EC0-301F-11D3-BF4B-00C04F79EFBC}") = "WPTelnet.Manager.ViewModel", "ManagerApp\WPTelnet.Manager.ViewModel\WPTelnet.Manager.ViewModel.csproj", "{F1AD8B0C-0DBA-4EF7-A5B3-F11CFE0B1C1D}"
EndProject
Project("{8BC9CEB8-8B4A-11D0-8D11-00A0C91BC942}") = "DiagDebugLogWinPRT", "ManagerApp\DiagDebugLogWinPRT\DiagDebugLogWinPRT.vcxproj", "{42BBD833-3425-482F-B292-BD081AFED647}"
EndProject
Project("{8BC9CEB8-8B4A-11D0-8D11-00A0C91BC942}") = "WPTelnetDLib", "WPTelnetDLib\WPTelnetDLib.vcxproj", "{CA61A92D-66BE-4E9B-93FF-1794CF6124ED}"
EndProject
Project("{8BC9CEB8-8B4A-11D0-8D11-00A0C91BC942}") = "CSDDiagRT", "ManagerApp\CSDDiagRT\CSDDiagRT.vcxproj", "{B0F2F986-67C7-491A-B997-4D8E0CC45EAC}"
EndProject
Project("{8BC9CEB8-8B4A-11D0-8D11-00A0C91BC942}") = "HTCDebugLogWinPRT", "ManagerApp\HTCDebugLogWinPRT\HTCDebugLogWinPRT.vcxproj", "{7B0D4736-DE34-436B-BE09-953CD7930784}"
EndProject
Project("{2150E333-8FDC-42A3-9474-1A3956D46DE8}") = "AppxHijacks", "AppxHijacks", "{4F219981-F763-49AE-BC68-BFD7753047F4}"
EndProject
Project("{8BC9CEB8-8B4A-11D0-8D11-00A0C91BC942}") = "DeviceUpdateUtils", "AppxHijacks\DeviceUpdateUtils\DeviceUpdateUtils.vcxproj", "{1DA7CF10-8A23-4699-A78D-8AF8565F16CD}"
EndProject
Project("{8BC9CEB8-8B4A-11D0-8D11-00A0C91BC942}") = "ETWLogger", "AppxHijacks\ETWLogger\ETWLogger.vcxproj", "{BB5FD91C-EA80-4AE7-981A-706BEF45781A}"
EndProject
Project("{8BC9CEB8-8B4A-11D0-8D11-00A0C91BC942}") = "WPTelnetD81Lib", "WPTelnetDLib\WPTelnetD81Lib.vcxproj", "{85B79795-4870-48B0-99E6-A410AB07CF6F}"
EndProject
Project("{8BC9CEB8-8B4A-11D0-8D11-00A0C91BC942}") = "TelnetDS81", "TelnetDS81\TelnetDS81.vcxproj", "{7B6E2FDC-9F6E-464E-8A01-615E4CC3330F}"
EndProject
Project("{FAE04EC0-301F-11D3-BF4B-00C04F79EFBC}") = "AppRepurposer", "AppRepurposer\AppRepurposer.csproj", "{1E34F2A8-6BC9-43B1-AE5E-B2CC17F25130}"
EndProject
Project("{2150E333-8FDC-42A3-9474-1A3956D46DE8}") = "ThirdParty", "ThirdParty", "{02D0D46E-B966-441A-959A-D3E7DFA8AE37}"
EndProject
Project("{8BC9CEB8-8B4A-11D0-8D11-00A0C91BC942}") = "TestAppT", "TestAppT\TestAppT.vcxproj", "{AB74DA88-6A43-4D31-9E3C-4B79AAF61DAE}"
EndProject
Project("{FAE04EC0-301F-11D3-BF4B-00C04F79EFBC}") = "ICSharpCode.SharpZipLib.WindowsPhone", "ThirdParty\ICSharpCode\WindowsPhone\ICSharpCode.SharpZipLib.WindowsPhone\ICSharpCode.SharpZipLib.WindowsPhone.csproj", "{BF04A546-D681-4F5A-AC41-CFC67CAEC66E}"
EndProject
Global
	GlobalSection(SolutionConfigurationPlatforms) = preSolution
		Debug|Any CPU = Debug|Any CPU
		Debug|ARM = Debug|ARM
		Debug|Mixed Platforms = Debug|Mixed Platforms
		Debug|Win32 = Debug|Win32
		Debug|x64 = Debug|x64
		Debug|x86 = Debug|x86
		Release|Any CPU = Release|Any CPU
		Release|ARM = Release|ARM
		Release|Mixed Platforms = Release|Mixed Platforms
		Release|Win32 = Release|Win32
		Release|x64 = Release|x64
		Release|x86 = Release|x86
	EndGlobalSection
	GlobalSection(ProjectConfigurationPlatforms) = postSolution
		{5BC6C6DF-BB6B-453D-BB06-81851A47C8A1}.Debug|Any CPU.ActiveCfg = Debug|Any CPU
		{5BC6C6DF-BB6B-453D-BB06-81851A47C8A1}.Debug|Any CPU.Build.0 = Debug|Any CPU
		{5BC6C6DF-BB6B-453D-BB06-81851A47C8A1}.Debug|ARM.ActiveCfg = Debug|Any CPU
		{5BC6C6DF-BB6B-453D-BB06-81851A47C8A1}.Debug|ARM.Build.0 = Debug|Any CPU
		{5BC6C6DF-BB6B-453D-BB06-81851A47C8A1}.Debug|Mixed Platforms.ActiveCfg = Debug|Any CPU
		{5BC6C6DF-BB6B-453D-BB06-81851A47C8A1}.Debug|Mixed Platforms.Build.0 = Debug|Any CPU
		{5BC6C6DF-BB6B-453D-BB06-81851A47C8A1}.Debug|Win32.ActiveCfg = Debug|Any CPU
		{5BC6C6DF-BB6B-453D-BB06-81851A47C8A1}.Debug|x64.ActiveCfg = Debug|Any CPU
		{5BC6C6DF-BB6B-453D-BB06-81851A47C8A1}.Debug|x86.ActiveCfg = Debug|Any CPU
		{5BC6C6DF-BB6B-453D-BB06-81851A47C8A1}.Release|Any CPU.ActiveCfg = Release|Any CPU
		{5BC6C6DF-BB6B-453D-BB06-81851A47C8A1}.Release|Any CPU.Build.0 = Release|Any CPU
		{5BC6C6DF-BB6B-453D-BB06-81851A47C8A1}.Release|ARM.ActiveCfg = Release|Any CPU
		{5BC6C6DF-BB6B-453D-BB06-81851A47C8A1}.Release|Mixed Platforms.ActiveCfg = Release|Any CPU
		{5BC6C6DF-BB6B-453D-BB06-81851A47C8A1}.Release|Mixed Platforms.Build.0 = Release|Any CPU
		{5BC6C6DF-BB6B-453D-BB06-81851A47C8A1}.Release|Win32.ActiveCfg = Release|Any CPU
		{5BC6C6DF-BB6B-453D-BB06-81851A47C8A1}.Release|x64.ActiveCfg = Release|Any CPU
		{5BC6C6DF-BB6B-453D-BB06-81851A47C8A1}.Release|x86.ActiveCfg = Release|Any CPU
		{3CB19194-C7FC-492E-9F40-AA135E68DC2B}.Debug|Any CPU.ActiveCfg = Debug|Any CPU
		{3CB19194-C7FC-492E-9F40-AA135E68DC2B}.Debug|Any CPU.Build.0 = Debug|Any CPU
		{3CB19194-C7FC-492E-9F40-AA135E68DC2B}.Debug|Any CPU.Deploy.0 = Debug|Any CPU
		{3CB19194-C7FC-492E-9F40-AA135E68DC2B}.Debug|ARM.ActiveCfg = Debug|ARM
		{3CB19194-C7FC-492E-9F40-AA135E68DC2B}.Debug|ARM.Build.0 = Debug|ARM
		{3CB19194-C7FC-492E-9F40-AA135E68DC2B}.Debug|ARM.Deploy.0 = Debug|ARM
		{3CB19194-C7FC-492E-9F40-AA135E68DC2B}.Debug|Mixed Platforms.ActiveCfg = Debug|x86
		{3CB19194-C7FC-492E-9F40-AA135E68DC2B}.Debug|Mixed Platforms.Build.0 = Debug|x86
		{3CB19194-C7FC-492E-9F40-AA135E68DC2B}.Debug|Mixed Platforms.Deploy.0 = Debug|x86
		{3CB19194-C7FC-492E-9F40-AA135E68DC2B}.Debug|Win32.ActiveCfg = Debug|x86
		{3CB19194-C7FC-492E-9F40-AA135E68DC2B}.Debug|Win32.Build.0 = Debug|x86
		{3CB19194-C7FC-492E-9F40-AA135E68DC2B}.Debug|Win32.Deploy.0 = Debug|x86
		{3CB19194-C7FC-492E-9F40-AA135E68DC2B}.Debug|x64.ActiveCfg = Debug|Any CPU
		{3CB19194-C7FC-492E-9F40-AA135E68DC2B}.Debug|x86.ActiveCfg = Debug|x86
		{3CB19194-C7FC-492E-9F40-AA135E68DC2B}.Debug|x86.Build.0 = Debug|x86
		{3CB19194-C7FC-492E-9F40-AA135E68DC2B}.Debug|x86.Deploy.0 = Debug|x86
		{3CB19194-C7FC-492E-9F40-AA135E68DC2B}.Release|Any CPU.ActiveCfg = Release|Any CPU
		{3CB19194-C7FC-492E-9F40-AA135E68DC2B}.Release|Any CPU.Build.0 = Release|Any CPU
		{3CB19194-C7FC-492E-9F40-AA135E68DC2B}.Release|Any CPU.Deploy.0 = Release|Any CPU
		{3CB19194-C7FC-492E-9F40-AA135E68DC2B}.Release|ARM.ActiveCfg = Release|ARM
		{3CB19194-C7FC-492E-9F40-AA135E68DC2B}.Release|ARM.Build.0 = Release|ARM
		{3CB19194-C7FC-492E-9F40-AA135E68DC2B}.Release|ARM.Deploy.0 = Release|ARM
		{3CB19194-C7FC-492E-9F40-AA135E68DC2B}.Release|Mixed Platforms.ActiveCfg = Release|x86
		{3CB19194-C7FC-492E-9F40-AA135E68DC2B}.Release|Mixed Platforms.Build.0 = Release|x86
		{3CB19194-C7FC-492E-9F40-AA135E68DC2B}.Release|Mixed Platforms.Deploy.0 = Release|x86
		{3CB19194-C7FC-492E-9F40-AA135E68DC2B}.Release|Win32.ActiveCfg = Release|x86
		{3CB19194-C7FC-492E-9F40-AA135E68DC2B}.Release|Win32.Build.0 = Release|x86
		{3CB19194-C7FC-492E-9F40-AA135E68DC2B}.Release|Win32.Deploy.0 = Release|x86
		{3CB19194-C7FC-492E-9F40-AA135E68DC2B}.Release|x64.ActiveCfg = Release|Any CPU
		{3CB19194-C7FC-492E-9F40-AA135E68DC2B}.Release|x86.ActiveCfg = Release|x86
		{3CB19194-C7FC-492E-9F40-AA135E68DC2B}.Release|x86.Build.0 = Release|x86
		{3CB19194-C7FC-492E-9F40-AA135E68DC2B}.Release|x86.Deploy.0 = Release|x86
		{55138CB5-20D8-43C4-BD96-35E950383AC8}.Debug|Any CPU.ActiveCfg = Debug|Win32
		{55138CB5-20D8-43C4-BD96-35E950383AC8}.Debug|ARM.ActiveCfg = Debug|ARM
		{55138CB5-20D8-43C4-BD96-35E950383AC8}.Debug|ARM.Build.0 = Debug|ARM
		{55138CB5-20D8-43C4-BD96-35E950383AC8}.Debug|ARM.Deploy.0 = Debug|ARM
		{55138CB5-20D8-43C4-BD96-35E950383AC8}.Debug|Mixed Platforms.ActiveCfg = Debug|Win32
		{55138CB5-20D8-43C4-BD96-35E950383AC8}.Debug|Mixed Platforms.Build.0 = Debug|Win32
		{55138CB5-20D8-43C4-BD96-35E950383AC8}.Debug|Win32.ActiveCfg = Debug|Win32
		{55138CB5-20D8-43C4-BD96-35E950383AC8}.Debug|Win32.Build.0 = Debug|Win32
		{55138CB5-20D8-43C4-BD96-35E950383AC8}.Debug|x64.ActiveCfg = Debug|Win32
		{55138CB5-20D8-43C4-BD96-35E950383AC8}.Debug|x86.ActiveCfg = Debug|Win32
		{55138CB5-20D8-43C4-BD96-35E950383AC8}.Debug|x86.Build.0 = Debug|Win32
		{55138CB5-20D8-43C4-BD96-35E950383AC8}.Release|Any CPU.ActiveCfg = Release|Win32
		{55138CB5-20D8-43C4-BD96-35E950383AC8}.Release|ARM.ActiveCfg = Release|ARM
		{55138CB5-20D8-43C4-BD96-35E950383AC8}.Release|ARM.Build.0 = Release|ARM
		{55138CB5-20D8-43C4-BD96-35E950383AC8}.Release|Mixed Platforms.ActiveCfg = Release|Win32
		{55138CB5-20D8-43C4-BD96-35E950383AC8}.Release|Mixed Platforms.Build.0 = Release|Win32
		{55138CB5-20D8-43C4-BD96-35E950383AC8}.Release|Win32.ActiveCfg = Release|Win32
		{55138CB5-20D8-43C4-BD96-35E950383AC8}.Release|Win32.Build.0 = Release|Win32
		{55138CB5-20D8-43C4-BD96-35E950383AC8}.Release|x64.ActiveCfg = Release|Win32
		{55138CB5-20D8-43C4-BD96-35E950383AC8}.Release|x86.ActiveCfg = Release|Win32
		{55138CB5-20D8-43C4-BD96-35E950383AC8}.Release|x86.Build.0 = Release|Win32
		{829699E2-5B62-45DA-9E11-3886D4C6EBF4}.Debug|Any CPU.ActiveCfg = Debug|Win32
		{829699E2-5B62-45DA-9E11-3886D4C6EBF4}.Debug|ARM.ActiveCfg = Debug|ARM
		{829699E2-5B62-45DA-9E11-3886D4C6EBF4}.Debug|ARM.Build.0 = Debug|ARM
		{829699E2-5B62-45DA-9E11-3886D4C6EBF4}.Debug|Mixed Platforms.ActiveCfg = Debug|Win32
		{829699E2-5B62-45DA-9E11-3886D4C6EBF4}.Debug|Mixed Platforms.Build.0 = Debug|Win32
		{829699E2-5B62-45DA-9E11-3886D4C6EBF4}.Debug|Win32.ActiveCfg = Debug|Win32
		{829699E2-5B62-45DA-9E11-3886D4C6EBF4}.Debug|Win32.Build.0 = Debug|Win32
		{829699E2-5B62-45DA-9E11-3886D4C6EBF4}.Debug|x64.ActiveCfg = Debug|Win32
		{829699E2-5B62-45DA-9E11-3886D4C6EBF4}.Debug|x86.ActiveCfg = Debug|Win32
		{829699E2-5B62-45DA-9E11-3886D4C6EBF4}.Debug|x86.Build.0 = Debug|Win32
		{829699E2-5B62-45DA-9E11-3886D4C6EBF4}.Release|Any CPU.ActiveCfg = Release|Win32
		{829699E2-5B62-45DA-9E11-3886D4C6EBF4}.Release|ARM.ActiveCfg = Release|ARM
		{829699E2-5B62-45DA-9E11-3886D4C6EBF4}.Release|ARM.Build.0 = Release|ARM
		{829699E2-5B62-45DA-9E11-3886D4C6EBF4}.Release|Mixed Platforms.ActiveCfg = Release|Win32
		{829699E2-5B62-45DA-9E11-3886D4C6EBF4}.Release|Mixed Platforms.Build.0 = Release|Win32
		{829699E2-5B62-45DA-9E11-3886D4C6EBF4}.Release|Win32.ActiveCfg = Release|Win32
		{829699E2-5B62-45DA-9E11-3886D4C6EBF4}.Release|Win32.Build.0 = Release|Win32
		{829699E2-5B62-45DA-9E11-3886D4C6EBF4}.Release|x64.ActiveCfg = Release|Win32
		{829699E2-5B62-45DA-9E11-3886D4C6EBF4}.Release|x86.ActiveCfg = Release|Win32
		{829699E2-5B62-45DA-9E11-3886D4C6EBF4}.Release|x86.Build.0 = Release|Win32
		{782D5B6C-3CCB-40BE-87F5-543D2C0E0AB1}.Debug|Any CPU.ActiveCfg = Debug|Win32
		{782D5B6C-3CCB-40BE-87F5-543D2C0E0AB1}.Debug|ARM.ActiveCfg = Debug|ARM
		{782D5B6C-3CCB-40BE-87F5-543D2C0E0AB1}.Debug|ARM.Build.0 = Debug|ARM
		{782D5B6C-3CCB-40BE-87F5-543D2C0E0AB1}.Debug|Mixed Platforms.ActiveCfg = Debug|Win32
		{782D5B6C-3CCB-40BE-87F5-543D2C0E0AB1}.Debug|Mixed Platforms.Build.0 = Debug|Win32
		{782D5B6C-3CCB-40BE-87F5-543D2C0E0AB1}.Debug|Win32.ActiveCfg = Debug|Win32
		{782D5B6C-3CCB-40BE-87F5-543D2C0E0AB1}.Debug|Win32.Build.0 = Debug|Win32
		{782D5B6C-3CCB-40BE-87F5-543D2C0E0AB1}.Debug|x64.ActiveCfg = Debug|Win32
		{782D5B6C-3CCB-40BE-87F5-543D2C0E0AB1}.Debug|x86.ActiveCfg = Debug|Win32
		{782D5B6C-3CCB-40BE-87F5-543D2C0E0AB1}.Debug|x86.Build.0 = Debug|Win32
		{782D5B6C-3CCB-40BE-87F5-543D2C0E0AB1}.Release|Any CPU.ActiveCfg = Release|Win32
		{782D5B6C-3CCB-40BE-87F5-543D2C0E0AB1}.Release|ARM.ActiveCfg = Release|ARM
		{782D5B6C-3CCB-40BE-87F5-543D2C0E0AB1}.Release|ARM.Build.0 = Release|ARM
		{782D5B6C-3CCB-40BE-87F5-543D2C0E0AB1}.Release|Mixed Platforms.ActiveCfg = Release|Win32
		{782D5B6C-3CCB-40BE-87F5-543D2C0E0AB1}.Release|Mixed Platforms.Build.0 = Release|Win32
		{782D5B6C-3CCB-40BE-87F5-543D2C0E0AB1}.Release|Win32.ActiveCfg = Release|Win32
		{782D5B6C-3CCB-40BE-87F5-543D2C0E0AB1}.Release|Win32.Build.0 = Release|Win32
		{782D5B6C-3CCB-40BE-87F5-543D2C0E0AB1}.Release|x64.ActiveCfg = Release|Win32
		{782D5B6C-3CCB-40BE-87F5-543D2C0E0AB1}.Release|x86.ActiveCfg = Release|Win32
		{782D5B6C-3CCB-40BE-87F5-543D2C0E0AB1}.Release|x86.Build.0 = Release|Win32
		{CDF54DFF-0112-4572-971B-6288FBCA9ACD}.Debug|Any CPU.ActiveCfg = Debug|Win32
		{CDF54DFF-0112-4572-971B-6288FBCA9ACD}.Debug|ARM.ActiveCfg = Debug|ARM
		{CDF54DFF-0112-4572-971B-6288FBCA9ACD}.Debug|ARM.Build.0 = Debug|ARM
		{CDF54DFF-0112-4572-971B-6288FBCA9ACD}.Debug|Mixed Platforms.ActiveCfg = Debug|Win32
		{CDF54DFF-0112-4572-971B-6288FBCA9ACD}.Debug|Mixed Platforms.Build.0 = Debug|Win32
		{CDF54DFF-0112-4572-971B-6288FBCA9ACD}.Debug|Win32.ActiveCfg = Debug|Win32
		{CDF54DFF-0112-4572-971B-6288FBCA9ACD}.Debug|Win32.Build.0 = Debug|Win32
		{CDF54DFF-0112-4572-971B-6288FBCA9ACD}.Debug|x64.ActiveCfg = Debug|Win32
		{CDF54DFF-0112-4572-971B-6288FBCA9ACD}.Debug|x86.ActiveCfg = Debug|Win32
		{CDF54DFF-0112-4572-971B-6288FBCA9ACD}.Debug|x86.Build.0 = Debug|Win32
		{CDF54DFF-0112-4572-971B-6288FBCA9ACD}.Release|Any CPU.ActiveCfg = Release|Win32
		{CDF54DFF-0112-4572-971B-6288FBCA9ACD}.Release|ARM.ActiveCfg = Release|ARM
		{CDF54DFF-0112-4572-971B-6288FBCA9ACD}.Release|ARM.Build.0 = Release|ARM
		{CDF54DFF-0112-4572-971B-6288FBCA9ACD}.Release|Mixed Platforms.ActiveCfg = Release|Win32
		{CDF54DFF-0112-4572-971B-6288FBCA9ACD}.Release|Mixed Platforms.Build.0 = Release|Win32
		{CDF54DFF-0112-4572-971B-6288FBCA9ACD}.Release|Win32.ActiveCfg = Release|Win32
		{CDF54DFF-0112-4572-971B-6288FBCA9ACD}.Release|Win32.Build.0 = Release|Win32
		{CDF54DFF-0112-4572-971B-6288FBCA9ACD}.Release|x64.ActiveCfg = Release|Win32
		{CDF54DFF-0112-4572-971B-6288FBCA9ACD}.Release|x86.ActiveCfg = Release|Win32
		{CDF54DFF-0112-4572-971B-6288FBCA9ACD}.Release|x86.Build.0 = Release|Win32
		{EA163CC8-8B9B-49A5-A3AB-4BFDAFD818DF}.Debug|Any CPU.ActiveCfg = Debug|Any CPU
		{EA163CC8-8B9B-49A5-A3AB-4BFDAFD818DF}.Debug|Any CPU.Build.0 = Debug|Any CPU
		{EA163CC8-8B9B-49A5-A3AB-4BFDAFD818DF}.Debug|Any CPU.Deploy.0 = Debug|Any CPU
		{EA163CC8-8B9B-49A5-A3AB-4BFDAFD818DF}.Debug|ARM.ActiveCfg = Debug|ARM
		{EA163CC8-8B9B-49A5-A3AB-4BFDAFD818DF}.Debug|ARM.Build.0 = Debug|ARM
		{EA163CC8-8B9B-49A5-A3AB-4BFDAFD818DF}.Debug|ARM.Deploy.0 = Debug|ARM
		{EA163CC8-8B9B-49A5-A3AB-4BFDAFD818DF}.Debug|Mixed Platforms.ActiveCfg = Debug|x86
		{EA163CC8-8B9B-49A5-A3AB-4BFDAFD818DF}.Debug|Mixed Platforms.Build.0 = Debug|x86
		{EA163CC8-8B9B-49A5-A3AB-4BFDAFD818DF}.Debug|Mixed Platforms.Deploy.0 = Debug|x86
		{EA163CC8-8B9B-49A5-A3AB-4BFDAFD818DF}.Debug|Win32.ActiveCfg = Debug|x86
		{EA163CC8-8B9B-49A5-A3AB-4BFDAFD818DF}.Debug|Win32.Build.0 = Debug|x86
		{EA163CC8-8B9B-49A5-A3AB-4BFDAFD818DF}.Debug|Win32.Deploy.0 = Debug|x86
		{EA163CC8-8B9B-49A5-A3AB-4BFDAFD818DF}.Debug|x64.ActiveCfg = Debug|Any CPU
		{EA163CC8-8B9B-49A5-A3AB-4BFDAFD818DF}.Debug|x86.ActiveCfg = Debug|x86
		{EA163CC8-8B9B-49A5-A3AB-4BFDAFD818DF}.Debug|x86.Build.0 = Debug|x86
		{EA163CC8-8B9B-49A5-A3AB-4BFDAFD818DF}.Debug|x86.Deploy.0 = Debug|x86
		{EA163CC8-8B9B-49A5-A3AB-4BFDAFD818DF}.Release|Any CPU.ActiveCfg = Release|Any CPU
		{EA163CC8-8B9B-49A5-A3AB-4BFDAFD818DF}.Release|Any CPU.Build.0 = Release|Any CPU
		{EA163CC8-8B9B-49A5-A3AB-4BFDAFD818DF}.Release|Any CPU.Deploy.0 = Release|Any CPU
		{EA163CC8-8B9B-49A5-A3AB-4BFDAFD818DF}.Release|ARM.ActiveCfg = Release|ARM
		{EA163CC8-8B9B-49A5-A3AB-4BFDAFD818DF}.Release|ARM.Build.0 = Release|ARM
		{EA163CC8-8B9B-49A5-A3AB-4BFDAFD818DF}.Release|ARM.Deploy.0 = Release|ARM
		{EA163CC8-8B9B-49A5-A3AB-4BFDAFD818DF}.Release|Mixed Platforms.ActiveCfg = Release|x86
		{EA163CC8-8B9B-49A5-A3AB-4BFDAFD818DF}.Release|Mixed Platforms.Build.0 = Release|x86
		{EA163CC8-8B9B-49A5-A3AB-4BFDAFD818DF}.Release|Mixed Platforms.Deploy.0 = Release|x86
		{EA163CC8-8B9B-49A5-A3AB-4BFDAFD818DF}.Release|Win32.ActiveCfg = Release|x86
		{EA163CC8-8B9B-49A5-A3AB-4BFDAFD818DF}.Release|Win32.Build.0 = Release|x86
		{EA163CC8-8B9B-49A5-A3AB-4BFDAFD818DF}.Release|Win32.Deploy.0 = Release|x86
		{EA163CC8-8B9B-49A5-A3AB-4BFDAFD818DF}.Release|x64.ActiveCfg = Release|Any CPU
		{EA163CC8-8B9B-49A5-A3AB-4BFDAFD818DF}.Release|x86.ActiveCfg = Release|x86
		{EA163CC8-8B9B-49A5-A3AB-4BFDAFD818DF}.Release|x86.Build.0 = Release|x86
		{EA163CC8-8B9B-49A5-A3AB-4BFDAFD818DF}.Release|x86.Deploy.0 = Release|x86
		{F1AD8B0C-0DBA-4EF7-A5B3-F11CFE0B1C1D}.Debug|Any CPU.ActiveCfg = Debug|Any CPU
		{F1AD8B0C-0DBA-4EF7-A5B3-F11CFE0B1C1D}.Debug|Any CPU.Build.0 = Debug|Any CPU
		{F1AD8B0C-0DBA-4EF7-A5B3-F11CFE0B1C1D}.Debug|ARM.ActiveCfg = Debug|ARM
		{F1AD8B0C-0DBA-4EF7-A5B3-F11CFE0B1C1D}.Debug|ARM.Build.0 = Debug|ARM
		{F1AD8B0C-0DBA-4EF7-A5B3-F11CFE0B1C1D}.Debug|Mixed Platforms.ActiveCfg = Debug|x86
		{F1AD8B0C-0DBA-4EF7-A5B3-F11CFE0B1C1D}.Debug|Mixed Platforms.Build.0 = Debug|x86
		{F1AD8B0C-0DBA-4EF7-A5B3-F11CFE0B1C1D}.Debug|Win32.ActiveCfg = Debug|x86
		{F1AD8B0C-0DBA-4EF7-A5B3-F11CFE0B1C1D}.Debug|Win32.Build.0 = Debug|x86
		{F1AD8B0C-0DBA-4EF7-A5B3-F11CFE0B1C1D}.Debug|x64.ActiveCfg = Debug|Any CPU
		{F1AD8B0C-0DBA-4EF7-A5B3-F11CFE0B1C1D}.Debug|x86.ActiveCfg = Debug|x86
		{F1AD8B0C-0DBA-4EF7-A5B3-F11CFE0B1C1D}.Debug|x86.Build.0 = Debug|x86
		{F1AD8B0C-0DBA-4EF7-A5B3-F11CFE0B1C1D}.Release|Any CPU.ActiveCfg = Release|Any CPU
		{F1AD8B0C-0DBA-4EF7-A5B3-F11CFE0B1C1D}.Release|Any CPU.Build.0 = Release|Any CPU
		{F1AD8B0C-0DBA-4EF7-A5B3-F11CFE0B1C1D}.Release|ARM.ActiveCfg = Release|ARM
		{F1AD8B0C-0DBA-4EF7-A5B3-F11CFE0B1C1D}.Release|ARM.Build.0 = Release|ARM
		{F1AD8B0C-0DBA-4EF7-A5B3-F11CFE0B1C1D}.Release|Mixed Platforms.ActiveCfg = Release|x86
		{F1AD8B0C-0DBA-4EF7-A5B3-F11CFE0B1C1D}.Release|Mixed Platforms.Build.0 = Release|x86
		{F1AD8B0C-0DBA-4EF7-A5B3-F11CFE0B1C1D}.Release|Win32.ActiveCfg = Release|x86
		{F1AD8B0C-0DBA-4EF7-A5B3-F11CFE0B1C1D}.Release|Win32.Build.0 = Release|x86
		{F1AD8B0C-0DBA-4EF7-A5B3-F11CFE0B1C1D}.Release|x64.ActiveCfg = Release|Any CPU
		{F1AD8B0C-0DBA-4EF7-A5B3-F11CFE0B1C1D}.Release|x86.ActiveCfg = Release|x86
		{F1AD8B0C-0DBA-4EF7-A5B3-F11CFE0B1C1D}.Release|x86.Build.0 = Release|x86
		{42BBD833-3425-482F-B292-BD081AFED647}.Debug|Any CPU.ActiveCfg = Debug|Win32
		{42BBD833-3425-482F-B292-BD081AFED647}.Debug|ARM.ActiveCfg = Debug|ARM
		{42BBD833-3425-482F-B292-BD081AFED647}.Debug|ARM.Build.0 = Debug|ARM
		{42BBD833-3425-482F-B292-BD081AFED647}.Debug|Mixed Platforms.ActiveCfg = Debug|Win32
		{42BBD833-3425-482F-B292-BD081AFED647}.Debug|Mixed Platforms.Build.0 = Debug|Win32
		{42BBD833-3425-482F-B292-BD081AFED647}.Debug|Win32.ActiveCfg = Debug|Win32
		{42BBD833-3425-482F-B292-BD081AFED647}.Debug|Win32.Build.0 = Debug|Win32
		{42BBD833-3425-482F-B292-BD081AFED647}.Debug|x64.ActiveCfg = Debug|Win32
		{42BBD833-3425-482F-B292-BD081AFED647}.Debug|x86.ActiveCfg = Debug|Win32
		{42BBD833-3425-482F-B292-BD081AFED647}.Debug|x86.Build.0 = Debug|Win32
		{42BBD833-3425-482F-B292-BD081AFED647}.Release|Any CPU.ActiveCfg = Release|Win32
		{42BBD833-3425-482F-B292-BD081AFED647}.Release|ARM.ActiveCfg = Release|ARM
		{42BBD833-3425-482F-B292-BD081AFED647}.Release|ARM.Build.0 = Release|ARM
		{42BBD833-3425-482F-B292-BD081AFED647}.Release|Mixed Platforms.ActiveCfg = Release|Win32
		{42BBD833-3425-482F-B292-BD081AFED647}.Release|Mixed Platforms.Build.0 = Release|Win32
		{42BBD833-3425-482F-B292-BD081AFED647}.Release|Win32.ActiveCfg = Release|Win32
		{42BBD833-3425-482F-B292-BD081AFED647}.Release|Win32.Build.0 = Release|Win32
		{42BBD833-3425-482F-B292-BD081AFED647}.Release|x64.ActiveCfg = Release|Win32
		{42BBD833-3425-482F-B292-BD081AFED647}.Release|x86.ActiveCfg = Release|Win32
		{42BBD833-3425-482F-B292-BD081AFED647}.Release|x86.Build.0 = Release|Win32
		{CA61A92D-66BE-4E9B-93FF-1794CF6124ED}.Debug|Any CPU.ActiveCfg = Debug|Win32
		{CA61A92D-66BE-4E9B-93FF-1794CF6124ED}.Debug|ARM.ActiveCfg = Debug|ARM
		{CA61A92D-66BE-4E9B-93FF-1794CF6124ED}.Debug|ARM.Build.0 = Debug|ARM
		{CA61A92D-66BE-4E9B-93FF-1794CF6124ED}.Debug|Mixed Platforms.ActiveCfg = Debug|Win32
		{CA61A92D-66BE-4E9B-93FF-1794CF6124ED}.Debug|Mixed Platforms.Build.0 = Debug|Win32
		{CA61A92D-66BE-4E9B-93FF-1794CF6124ED}.Debug|Win32.ActiveCfg = Debug|Win32
		{CA61A92D-66BE-4E9B-93FF-1794CF6124ED}.Debug|Win32.Build.0 = Debug|Win32
		{CA61A92D-66BE-4E9B-93FF-1794CF6124ED}.Debug|x64.ActiveCfg = Debug|Win32
		{CA61A92D-66BE-4E9B-93FF-1794CF6124ED}.Debug|x86.ActiveCfg = Debug|Win32
		{CA61A92D-66BE-4E9B-93FF-1794CF6124ED}.Debug|x86.Build.0 = Debug|Win32
		{CA61A92D-66BE-4E9B-93FF-1794CF6124ED}.Release|Any CPU.ActiveCfg = Release|Win32
		{CA61A92D-66BE-4E9B-93FF-1794CF6124ED}.Release|ARM.ActiveCfg = Release|ARM
		{CA61A92D-66BE-4E9B-93FF-1794CF6124ED}.Release|ARM.Build.0 = Release|ARM
		{CA61A92D-66BE-4E9B-93FF-1794CF6124ED}.Release|Mixed Platforms.ActiveCfg = Release|Win32
		{CA61A92D-66BE-4E9B-93FF-1794CF6124ED}.Release|Mixed Platforms.Build.0 = Release|Win32
		{CA61A92D-66BE-4E9B-93FF-1794CF6124ED}.Release|Win32.ActiveCfg = Release|Win32
		{CA61A92D-66BE-4E9B-93FF-1794CF6124ED}.Release|Win32.Build.0 = Release|Win32
		{CA61A92D-66BE-4E9B-93FF-1794CF6124ED}.Release|x64.ActiveCfg = Release|Win32
		{CA61A92D-66BE-4E9B-93FF-1794CF6124ED}.Release|x86.ActiveCfg = Release|Win32
		{CA61A92D-66BE-4E9B-93FF-1794CF6124ED}.Release|x86.Build.0 = Release|Win32
		{B0F2F986-67C7-491A-B997-4D8E0CC45EAC}.Debug|Any CPU.ActiveCfg = Debug|Win32
		{B0F2F986-67C7-491A-B997-4D8E0CC45EAC}.Debug|ARM.ActiveCfg = Debug|ARM
		{B0F2F986-67C7-491A-B997-4D8E0CC45EAC}.Debug|ARM.Build.0 = Debug|ARM
		{B0F2F986-67C7-491A-B997-4D8E0CC45EAC}.Debug|Mixed Platforms.ActiveCfg = Debug|Win32
		{B0F2F986-67C7-491A-B997-4D8E0CC45EAC}.Debug|Mixed Platforms.Build.0 = Debug|Win32
		{B0F2F986-67C7-491A-B997-4D8E0CC45EAC}.Debug|Win32.ActiveCfg = Debug|Win32
		{B0F2F986-67C7-491A-B997-4D8E0CC45EAC}.Debug|Win32.Build.0 = Debug|Win32
		{B0F2F986-67C7-491A-B997-4D8E0CC45EAC}.Debug|x64.ActiveCfg = Debug|Win32
		{B0F2F986-67C7-491A-B997-4D8E0CC45EAC}.Debug|x86.ActiveCfg = Debug|Win32
		{B0F2F986-67C7-491A-B997-4D8E0CC45EAC}.Debug|x86.Build.0 = Debug|Win32
		{B0F2F986-67C7-491A-B997-4D8E0CC45EAC}.Release|Any CPU.ActiveCfg = Release|Win32
		{B0F2F986-67C7-491A-B997-4D8E0CC45EAC}.Release|ARM.ActiveCfg = Release|ARM
		{B0F2F986-67C7-491A-B997-4D8E0CC45EAC}.Release|ARM.Build.0 = Release|ARM
		{B0F2F986-67C7-491A-B997-4D8E0CC45EAC}.Release|Mixed Platforms.ActiveCfg = Release|Win32
		{B0F2F986-67C7-491A-B997-4D8E0CC45EAC}.Release|Mixed Platforms.Build.0 = Release|Win32
		{B0F2F986-67C7-491A-B997-4D8E0CC45EAC}.Release|Win32.ActiveCfg = Release|Win32
		{B0F2F986-67C7-491A-B997-4D8E0CC45EAC}.Release|Win32.Build.0 = Release|Win32
		{B0F2F986-67C7-491A-B997-4D8E0CC45EAC}.Release|x64.ActiveCfg = Release|Win32
		{B0F2F986-67C7-491A-B997-4D8E0CC45EAC}.Release|x86.ActiveCfg = Release|Win32
		{B0F2F986-67C7-491A-B997-4D8E0CC45EAC}.Release|x86.Build.0 = Release|Win32
		{7B0D4736-DE34-436B-BE09-953CD7930784}.Debug|Any CPU.ActiveCfg = Debug|Win32
		{7B0D4736-DE34-436B-BE09-953CD7930784}.Debug|ARM.ActiveCfg = Debug|ARM
		{7B0D4736-DE34-436B-BE09-953CD7930784}.Debug|ARM.Build.0 = Debug|ARM
		{7B0D4736-DE34-436B-BE09-953CD7930784}.Debug|Mixed Platforms.ActiveCfg = Debug|Win32
		{7B0D4736-DE34-436B-BE09-953CD7930784}.Debug|Mixed Platforms.Build.0 = Debug|Win32
		{7B0D4736-DE34-436B-BE09-953CD7930784}.Debug|Win32.ActiveCfg = Debug|Win32
		{7B0D4736-DE34-436B-BE09-953CD7930784}.Debug|Win32.Build.0 = Debug|Win32
		{7B0D4736-DE34-436B-BE09-953CD7930784}.Debug|x64.ActiveCfg = Debug|Win32
		{7B0D4736-DE34-436B-BE09-953CD7930784}.Debug|x86.ActiveCfg = Debug|Win32
		{7B0D4736-DE34-436B-BE09-953CD7930784}.Debug|x86.Build.0 = Debug|Win32
		{7B0D4736-DE34-436B-BE09-953CD7930784}.Release|Any CPU.ActiveCfg = Release|Win32
		{7B0D4736-DE34-436B-BE09-953CD7930784}.Release|ARM.ActiveCfg = Release|ARM
		{7B0D4736-DE34-436B-BE09-953CD7930784}.Release|ARM.Build.0 = Release|ARM
		{7B0D4736-DE34-436B-BE09-953CD7930784}.Release|Mixed Platforms.ActiveCfg = Release|Win32
		{7B0D4736-DE34-436B-BE09-953CD7930784}.Release|Mixed Platforms.Build.0 = Release|Win32
		{7B0D4736-DE34-436B-BE09-953CD7930784}.Release|Win32.ActiveCfg = Release|Win32
		{7B0D4736-DE34-436B-BE09-953CD7930784}.Release|Win32.Build.0 = Release|Win32
		{7B0D4736-DE34-436B-BE09-953CD7930784}.Release|x64.ActiveCfg = Release|Win32
		{7B0D4736-DE34-436B-BE09-953CD7930784}.Release|x86.ActiveCfg = Release|Win32
		{7B0D4736-DE34-436B-BE09-953CD7930784}.Release|x86.Build.0 = Release|Win32
		{1DA7CF10-8A23-4699-A78D-8AF8565F16CD}.Debug|Any CPU.ActiveCfg = Debug|Win32
		{1DA7CF10-8A23-4699-A78D-8AF8565F16CD}.Debug|ARM.ActiveCfg = Release|ARM
		{1DA7CF10-8A23-4699-A78D-8AF8565F16CD}.Debug|ARM.Build.0 = Release|ARM
		{1DA7CF10-8A23-4699-A78D-8AF8565F16CD}.Debug|Mixed Platforms.ActiveCfg = Debug|Win32
		{1DA7CF10-8A23-4699-A78D-8AF8565F16CD}.Debug|Mixed Platforms.Build.0 = Debug|Win32
		{1DA7CF10-8A23-4699-A78D-8AF8565F16CD}.Debug|Win32.ActiveCfg = Debug|Win32
		{1DA7CF10-8A23-4699-A78D-8AF8565F16CD}.Debug|Win32.Build.0 = Debug|Win32
		{1DA7CF10-8A23-4699-A78D-8AF8565F16CD}.Debug|x64.ActiveCfg = Debug|Win32
		{1DA7CF10-8A23-4699-A78D-8AF8565F16CD}.Debug|x86.ActiveCfg = Debug|Win32
		{1DA7CF10-8A23-4699-A78D-8AF8565F16CD}.Debug|x86.Build.0 = Debug|Win32
		{1DA7CF10-8A23-4699-A78D-8AF8565F16CD}.Release|Any CPU.ActiveCfg = Release|Win32
		{1DA7CF10-8A23-4699-A78D-8AF8565F16CD}.Release|ARM.ActiveCfg = Release|ARM
		{1DA7CF10-8A23-4699-A78D-8AF8565F16CD}.Release|ARM.Build.0 = Release|ARM
		{1DA7CF10-8A23-4699-A78D-8AF8565F16CD}.Release|Mixed Platforms.ActiveCfg = Release|Win32
		{1DA7CF10-8A23-4699-A78D-8AF8565F16CD}.Release|Mixed Platforms.Build.0 = Release|Win32
		{1DA7CF10-8A23-4699-A78D-8AF8565F16CD}.Release|Win32.ActiveCfg = Release|Win32
		{1DA7CF10-8A23-4699-A78D-8AF8565F16CD}.Release|Win32.Build.0 = Release|Win32
		{1DA7CF10-8A23-4699-A78D-8AF8565F16CD}.Release|x64.ActiveCfg = Release|Win32
		{1DA7CF10-8A23-4699-A78D-8AF8565F16CD}.Release|x86.ActiveCfg = Release|Win32
		{1DA7CF10-8A23-4699-A78D-8AF8565F16CD}.Release|x86.Build.0 = Release|Win32
		{BB5FD91C-EA80-4AE7-981A-706BEF45781A}.Debug|Any CPU.ActiveCfg = Debug|Win32
		{BB5FD91C-EA80-4AE7-981A-706BEF45781A}.Debug|ARM.ActiveCfg = Release|ARM
		{BB5FD91C-EA80-4AE7-981A-706BEF45781A}.Debug|ARM.Build.0 = Release|ARM
		{BB5FD91C-EA80-4AE7-981A-706BEF45781A}.Debug|Mixed Platforms.ActiveCfg = Debug|Win32
		{BB5FD91C-EA80-4AE7-981A-706BEF45781A}.Debug|Mixed Platforms.Build.0 = Debug|Win32
		{BB5FD91C-EA80-4AE7-981A-706BEF45781A}.Debug|Win32.ActiveCfg = Debug|Win32
		{BB5FD91C-EA80-4AE7-981A-706BEF45781A}.Debug|Win32.Build.0 = Debug|Win32
		{BB5FD91C-EA80-4AE7-981A-706BEF45781A}.Debug|x64.ActiveCfg = Debug|Win32
		{BB5FD91C-EA80-4AE7-981A-706BEF45781A}.Debug|x86.ActiveCfg = Debug|Win32
		{BB5FD91C-EA80-4AE7-981A-706BEF45781A}.Debug|x86.Build.0 = Debug|Win32
		{BB5FD91C-EA80-4AE7-981A-706BEF45781A}.Release|Any CPU.ActiveCfg = Release|Win32
		{BB5FD91C-EA80-4AE7-981A-706BEF45781A}.Release|ARM.ActiveCfg = Release|ARM
		{BB5FD91C-EA80-4AE7-981A-706BEF45781A}.Release|ARM.Build.0 = Release|ARM
		{BB5FD91C-EA80-4AE7-981A-706BEF45781A}.Release|Mixed Platforms.ActiveCfg = Release|Win32
		{BB5FD91C-EA80-4AE7-981A-706BEF45781A}.Release|Mixed Platforms.Build.0 = Release|Win32
		{BB5FD91C-EA80-4AE7-981A-706BEF45781A}.Release|Win32.ActiveCfg = Release|Win32
		{BB5FD91C-EA80-4AE7-981A-706BEF45781A}.Release|Win32.Build.0 = Release|Win32
		{BB5FD91C-EA80-4AE7-981A-706BEF45781A}.Release|x64.ActiveCfg = Release|Win32
		{BB5FD91C-EA80-4AE7-981A-706BEF45781A}.Release|x86.ActiveCfg = Release|Win32
		{BB5FD91C-EA80-4AE7-981A-706BEF45781A}.Release|x86.Build.0 = Release|Win32
		{85B79795-4870-48B0-99E6-A410AB07CF6F}.Debug|Any CPU.ActiveCfg = Debug|Win32
		{85B79795-4870-48B0-99E6-A410AB07CF6F}.Debug|ARM.ActiveCfg = Debug|ARM
		{85B79795-4870-48B0-99E6-A410AB07CF6F}.Debug|ARM.Build.0 = Debug|ARM
		{85B79795-4870-48B0-99E6-A410AB07CF6F}.Debug|Mixed Platforms.ActiveCfg = Debug|Win32
		{85B79795-4870-48B0-99E6-A410AB07CF6F}.Debug|Mixed Platforms.Build.0 = Debug|Win32
		{85B79795-4870-48B0-99E6-A410AB07CF6F}.Debug|Win32.ActiveCfg = Debug|Win32
		{85B79795-4870-48B0-99E6-A410AB07CF6F}.Debug|Win32.Build.0 = Debug|Win32
		{85B79795-4870-48B0-99E6-A410AB07CF6F}.Debug|x64.ActiveCfg = Debug|Win32
		{85B79795-4870-48B0-99E6-A410AB07CF6F}.Debug|x86.ActiveCfg = Debug|Win32
		{85B79795-4870-48B0-99E6-A410AB07CF6F}.Debug|x86.Build.0 = Debug|Win32
		{85B79795-4870-48B0-99E6-A410AB07CF6F}.Release|Any CPU.ActiveCfg = Release|Win32
		{85B79795-4870-48B0-99E6-A410AB07CF6F}.Release|ARM.ActiveCfg = Release|ARM
		{85B79795-4870-48B0-99E6-A410AB07CF6F}.Release|ARM.Build.0 = Release|ARM
		{85B79795-4870-48B0-99E6-A410AB07CF6F}.Release|Mixed Platforms.ActiveCfg = Release|Win32
		{85B79795-4870-48B0-99E6-A410AB07CF6F}.Release|Mixed Platforms.Build.0 = Release|Win32
		{85B79795-4870-48B0-99E6-A410AB07CF6F}.Release|Win32.ActiveCfg = Release|Win32
		{85B79795-4870-48B0-99E6-A410AB07CF6F}.Release|Win32.Build.0 = Release|Win32
		{85B79795-4870-48B0-99E6-A410AB07CF6F}.Release|x64.ActiveCfg = Release|Win32
		{85B79795-4870-48B0-99E6-A410AB07CF6F}.Release|x86.ActiveCfg = Release|Win32
		{85B79795-4870-48B0-99E6-A410AB07CF6F}.Release|x86.Build.0 = Release|Win32
		{7B6E2FDC-9F6E-464E-8A01-615E4CC3330F}.Debug|Any CPU.ActiveCfg = Debug|Win32
		{7B6E2FDC-9F6E-464E-8A01-615E4CC3330F}.Debug|ARM.ActiveCfg = Debug|ARM
		{7B6E2FDC-9F6E-464E-8A01-615E4CC3330F}.Debug|ARM.Build.0 = Debug|ARM
		{7B6E2FDC-9F6E-464E-8A01-615E4CC3330F}.Debug|Mixed Platforms.ActiveCfg = Debug|Win32
		{7B6E2FDC-9F6E-464E-8A01-615E4CC3330F}.Debug|Mixed Platforms.Build.0 = Debug|Win32
		{7B6E2FDC-9F6E-464E-8A01-615E4CC3330F}.Debug|Win32.ActiveCfg = Debug|Win32
		{7B6E2FDC-9F6E-464E-8A01-615E4CC3330F}.Debug|Win32.Build.0 = Debug|Win32
		{7B6E2FDC-9F6E-464E-8A01-615E4CC3330F}.Debug|x64.ActiveCfg = Debug|Win32
		{7B6E2FDC-9F6E-464E-8A01-615E4CC3330F}.Debug|x86.ActiveCfg = Debug|Win32
		{7B6E2FDC-9F6E-464E-8A01-615E4CC3330F}.Debug|x86.Build.0 = Debug|Win32
		{7B6E2FDC-9F6E-464E-8A01-615E4CC3330F}.Release|Any CPU.ActiveCfg = Release|Win32
		{7B6E2FDC-9F6E-464E-8A01-615E4CC3330F}.Release|ARM.ActiveCfg = Release|ARM
		{7B6E2FDC-9F6E-464E-8A01-615E4CC3330F}.Release|ARM.Build.0 = Release|ARM
		{7B6E2FDC-9F6E-464E-8A01-615E4CC3330F}.Release|Mixed Platforms.ActiveCfg = Release|Win32
		{7B6E2FDC-9F6E-464E-8A01-615E4CC3330F}.Release|Mixed Platforms.Build.0 = Release|Win32
		{7B6E2FDC-9F6E-464E-8A01-615E4CC3330F}.Release|Win32.ActiveCfg = Release|Win32
		{7B6E2FDC-9F6E-464E-8A01-615E4CC3330F}.Release|Win32.Build.0 = Release|Win32
		{7B6E2FDC-9F6E-464E-8A01-615E4CC3330F}.Release|x64.ActiveCfg = Release|Win32
		{7B6E2FDC-9F6E-464E-8A01-615E4CC3330F}.Release|x86.ActiveCfg = Release|Win32
		{7B6E2FDC-9F6E-464E-8A01-615E4CC3330F}.Release|x86.Build.0 = Release|Win32
		{1E34F2A8-6BC9-43B1-AE5E-B2CC17F25130}.Debug|Any CPU.ActiveCfg = Debug|Any CPU
		{1E34F2A8-6BC9-43B1-AE5E-B2CC17F25130}.Debug|Any CPU.Build.0 = Debug|Any CPU
		{1E34F2A8-6BC9-43B1-AE5E-B2CC17F25130}.Debug|Any CPU.Deploy.0 = Debug|Any CPU
		{1E34F2A8-6BC9-43B1-AE5E-B2CC17F25130}.Debug|ARM.ActiveCfg = Debug|ARM
		{1E34F2A8-6BC9-43B1-AE5E-B2CC17F25130}.Debug|ARM.Build.0 = Debug|ARM
		{1E34F2A8-6BC9-43B1-AE5E-B2CC17F25130}.Debug|ARM.Deploy.0 = Debug|ARM
		{1E34F2A8-6BC9-43B1-AE5E-B2CC17F25130}.Debug|Mixed Platforms.ActiveCfg = Debug|x86
		{1E34F2A8-6BC9-43B1-AE5E-B2CC17F25130}.Debug|Mixed Platforms.Build.0 = Debug|x86
		{1E34F2A8-6BC9-43B1-AE5E-B2CC17F25130}.Debug|Mixed Platforms.Deploy.0 = Debug|x86
		{1E34F2A8-6BC9-43B1-AE5E-B2CC17F25130}.Debug|Win32.ActiveCfg = Debug|x86
		{1E34F2A8-6BC9-43B1-AE5E-B2CC17F25130}.Debug|Win32.Build.0 = Debug|x86
		{1E34F2A8-6BC9-43B1-AE5E-B2CC17F25130}.Debug|Win32.Deploy.0 = Debug|x86
		{1E34F2A8-6BC9-43B1-AE5E-B2CC17F25130}.Debug|x64.ActiveCfg = Debug|Any CPU
		{1E34F2A8-6BC9-43B1-AE5E-B2CC17F25130}.Debug|x86.ActiveCfg = Debug|x86
		{1E34F2A8-6BC9-43B1-AE5E-B2CC17F25130}.Debug|x86.Build.0 = Debug|x86
		{1E34F2A8-6BC9-43B1-AE5E-B2CC17F25130}.Debug|x86.Deploy.0 = Debug|x86
		{1E34F2A8-6BC9-43B1-AE5E-B2CC17F25130}.Release|Any CPU.ActiveCfg = Release|Any CPU
		{1E34F2A8-6BC9-43B1-AE5E-B2CC17F25130}.Release|Any CPU.Build.0 = Release|Any CPU
		{1E34F2A8-6BC9-43B1-AE5E-B2CC17F25130}.Release|Any CPU.Deploy.0 = Release|Any CPU
		{1E34F2A8-6BC9-43B1-AE5E-B2CC17F25130}.Release|ARM.ActiveCfg = Release|ARM
		{1E34F2A8-6BC9-43B1-AE5E-B2CC17F25130}.Release|ARM.Build.0 = Release|ARM
		{1E34F2A8-6BC9-43B1-AE5E-B2CC17F25130}.Release|ARM.Deploy.0 = Release|ARM
		{1E34F2A8-6BC9-43B1-AE5E-B2CC17F25130}.Release|Mixed Platforms.ActiveCfg = Release|x86
		{1E34F2A8-6BC9-43B1-AE5E-B2CC17F25130}.Release|Mixed Platforms.Build.0 = Release|x86
		{1E34F2A8-6BC9-43B1-AE5E-B2CC17F25130}.Release|Mixed Platforms.Deploy.0 = Release|x86
		{1E34F2A8-6BC9-43B1-AE5E-B2CC17F25130}.Release|Win32.ActiveCfg = Release|x86
		{1E34F2A8-6BC9-43B1-AE5E-B2CC17F25130}.Release|Win32.Build.0 = Release|x86
		{1E34F2A8-6BC9-43B1-AE5E-B2CC17F25130}.Release|Win32.Deploy.0 = Release|x86
		{1E34F2A8-6BC9-43B1-AE5E-B2CC17F25130}.Release|x64.ActiveCfg = Release|Any CPU
		{1E34F2A8-6BC9-43B1-AE5E-B2CC17F25130}.Release|x86.ActiveCfg = Release|x86
		{1E34F2A8-6BC9-43B1-AE5E-B2CC17F25130}.Release|x86.Build.0 = Release|x86
		{1E34F2A8-6BC9-43B1-AE5E-B2CC17F25130}.Release|x86.Deploy.0 = Release|x86
		{AB74DA88-6A43-4D31-9E3C-4B79AAF61DAE}.Debug|Any CPU.ActiveCfg = Debug|Win32
		{AB74DA88-6A43-4D31-9E3C-4B79AAF61DAE}.Debug|ARM.ActiveCfg = Debug|ARM
		{AB74DA88-6A43-4D31-9E3C-4B79AAF61DAE}.Debug|ARM.Build.0 = Debug|ARM
		{AB74DA88-6A43-4D31-9E3C-4B79AAF61DAE}.Debug|ARM.Deploy.0 = Debug|ARM
		{AB74DA88-6A43-4D31-9E3C-4B79AAF61DAE}.Debug|Mixed Platforms.ActiveCfg = Debug|Win32
		{AB74DA88-6A43-4D31-9E3C-4B79AAF61DAE}.Debug|Mixed Platforms.Build.0 = Debug|Win32
		{AB74DA88-6A43-4D31-9E3C-4B79AAF61DAE}.Debug|Mixed Platforms.Deploy.0 = Debug|Win32
		{AB74DA88-6A43-4D31-9E3C-4B79AAF61DAE}.Debug|Win32.ActiveCfg = Debug|Win32
		{AB74DA88-6A43-4D31-9E3C-4B79AAF61DAE}.Debug|Win32.Build.0 = Debug|Win32
		{AB74DA88-6A43-4D31-9E3C-4B79AAF61DAE}.Debug|Win32.Deploy.0 = Debug|Win32
		{AB74DA88-6A43-4D31-9E3C-4B79AAF61DAE}.Debug|x64.ActiveCfg = Debug|Win32
		{AB74DA88-6A43-4D31-9E3C-4B79AAF61DAE}.Debug|x86.ActiveCfg = Debug|Win32
		{AB74DA88-6A43-4D31-9E3C-4B79AAF61DAE}.Debug|x86.Build.0 = Debug|Win32
		{AB74DA88-6A43-4D31-9E3C-4B79AAF61DAE}.Debug|x86.Deploy.0 = Debug|Win32
		{AB74DA88-6A43-4D31-9E3C-4B79AAF61DAE}.Release|Any CPU.ActiveCfg = Release|Win32
		{AB74DA88-6A43-4D31-9E3C-4B79AAF61DAE}.Release|ARM.ActiveCfg = Release|ARM
		{AB74DA88-6A43-4D31-9E3C-4B79AAF61DAE}.Release|ARM.Build.0 = Release|ARM
		{AB74DA88-6A43-4D31-9E3C-4B79AAF61DAE}.Release|ARM.Deploy.0 = Release|ARM
		{AB74DA88-6A43-4D31-9E3C-4B79AAF61DAE}.Release|Mixed Platforms.ActiveCfg = Release|Win32
		{AB74DA88-6A43-4D31-9E3C-4B79AAF61DAE}.Release|Mixed Platforms.Build.0 = Release|Win32
		{AB74DA88-6A43-4D31-9E3C-4B79AAF61DAE}.Release|Mixed Platforms.Deploy.0 = Release|Win32
		{AB74DA88-6A43-4D31-9E3C-4B79AAF61DAE}.Release|Win32.ActiveCfg = Release|Win32
		{AB74DA88-6A43-4D31-9E3C-4B79AAF61DAE}.Release|Win32.Build.0 = Release|Win32
		{AB74DA88-6A43-4D31-9E3C-4B79AAF61DAE}.Release|Win32.Deploy.0 = Release|Win32
		{AB74DA88-6A43-4D31-9E3C-4B79AAF61DAE}.Release|x64.ActiveCfg = Release|Win32
		{AB74DA88-6A43-4D31-9E3C-4B79AAF61DAE}.Release|x86.ActiveCfg = Release|Win32
		{AB74DA88-6A43-4D31-9E3C-4B79AAF61DAE}.Release|x86.Build.0 = Release|Win32
		{AB74DA88-6A43-4D31-9E3C-4B79AAF61DAE}.Release|x86.Deploy.0 = Release|Win32
		{BF04A546-D681-4F5A-AC41-CFC67CAEC66E}.Debug|Any CPU.ActiveCfg = Debug|Any CPU
		{BF04A546-D681-4F5A-AC41-CFC67CAEC66E}.Debug|Any CPU.Build.0 = Debug|Any CPU
		{BF04A546-D681-4F5A-AC41-CFC67CAEC66E}.Debug|ARM.ActiveCfg = Debug|ARM
		{BF04A546-D681-4F5A-AC41-CFC67CAEC66E}.Debug|ARM.Build.0 = Debug|ARM
		{BF04A546-D681-4F5A-AC41-CFC67CAEC66E}.Debug|Mixed Platforms.ActiveCfg = Debug|x86
		{BF04A546-D681-4F5A-AC41-CFC67CAEC66E}.Debug|Mixed Platforms.Build.0 = Debug|x86
		{BF04A546-D681-4F5A-AC41-CFC67CAEC66E}.Debug|Win32.ActiveCfg = Debug|x86
		{BF04A546-D681-4F5A-AC41-CFC67CAEC66E}.Debug|Win32.Build.0 = Debug|x86
		{BF04A546-D681-4F5A-AC41-CFC67CAEC66E}.Debug|x64.ActiveCfg = Debug|Any CPU
		{BF04A546-D681-4F5A-AC41-CFC67CAEC66E}.Debug|x86.ActiveCfg = Debug|x86
		{BF04A546-D681-4F5A-AC41-CFC67CAEC66E}.Debug|x86.Build.0 = Debug|x86
		{BF04A546-D681-4F5A-AC41-CFC67CAEC66E}.Release|Any CPU.ActiveCfg = Release|Any CPU
		{BF04A546-D681-4F5A-AC41-CFC67CAEC66E}.Release|Any CPU.Build.0 = Release|Any CPU
		{BF04A546-D681-4F5A-AC41-CFC67CAEC66E}.Release|ARM.ActiveCfg = Release|ARM
		{BF04A546-D681-4F5A-AC41-CFC67CAEC66E}.Release|ARM.Build.0 = Release|ARM
		{BF04A546-D681-4F5A-AC41-CFC67CAEC66E}.Release|Mixed Platforms.ActiveCfg = Release|x86
		{BF04A546-D681-4F5A-AC41-CFC67CAEC66E}.Release|Mixed Platforms.Build.0 = Release|x86
		{BF04A546-D681-4F5A-AC41-CFC67CAEC66E}.Release|Win32.ActiveCfg = Release|x86
		{BF04A546-D681-4F5A-AC41-CFC67CAEC66E}.Release|Win32.Build.0 = Release|x86
		{BF04A546-D681-4F5A-AC41-CFC67CAEC66E}.Release|x64.ActiveCfg = Release|Any CPU
		{BF04A546-D681-4F5A-AC41-CFC67CAEC66E}.Release|x86.ActiveCfg = Release|x86
		{BF04A546-D681-4F5A-AC41-CFC67CAEC66E}.Release|x86.Build.0 = Release|x86
	EndGlobalSection
	GlobalSection(SolutionProperties) = preSolution
		HideSolutionNode = FALSE
	EndGlobalSection
	GlobalSection(NestedProjects) = preSolution
		{829699E2-5B62-45DA-9E11-3886D4C6EBF4} = {1B3EC19D-9131-4E48-A8E1-F8DB1445ED35}
		{782D5B6C-3CCB-40BE-87F5-543D2C0E0AB1} = {1B3EC19D-9131-4E48-A8E1-F8DB1445ED35}
		{CDF54DFF-0112-4572-971B-6288FBCA9ACD} = {1B3EC19D-9131-4E48-A8E1-F8DB1445ED35}
		{EA163CC8-8B9B-49A5-A3AB-4BFDAFD818DF} = {1B3EC19D-9131-4E48-A8E1-F8DB1445ED35}
		{F1AD8B0C-0DBA-4EF7-A5B3-F11CFE0B1C1D} = {1B3EC19D-9131-4E48-A8E1-F8DB1445ED35}
		{42BBD833-3425-482F-B292-BD081AFED647} = {1B3EC19D-9131-4E48-A8E1-F8DB1445ED35}
		{B0F2F986-67C7-491A-B997-4D8E0CC45EAC} = {1B3EC19D-9131-4E48-A8E1-F8DB1445ED35}
		{7B0D4736-DE34-436B-BE09-953CD7930784} = {1B3EC19D-9131-4E48-A8E1-F8DB1445ED35}
		{1DA7CF10-8A23-4699-A78D-8AF8565F16CD} = {4F219981-F763-49AE-BC68-BFD7753047F4}
		{BB5FD91C-EA80-4AE7-981A-706BEF45781A} = {4F219981-F763-49AE-BC68-BFD7753047F4}
		{AB74DA88-6A43-4D31-9E3C-4B79AAF61DAE} = {4F219981-F763-49AE-BC68-BFD7753047F4}
		{BF04A546-D681-4F5A-AC41-CFC67CAEC66E} = {02D0D46E-B966-441A-959A-D3E7DFA8AE37}
	EndGlobalSection
EndGlobal
