
Microsoft Visual Studio Solution File, Format Version 12.00
# Visual Studio 14
VisualStudioVersion = 14.0.22512.0
MinimumVisualStudioVersion = 10.0.40219.1
Project("{FAE04EC0-301F-11D3-BF4B-00C04F79EFBC}") = "LaunchDebug", "LaunchDebug\LaunchDebug.csproj", "{5BC6C6DF-BB6B-453D-BB06-81851A47C8A1}"
EndProject
Project("{FAE04EC0-301F-11D3-BF4B-00C04F79EFBC}") = "HostApp", "HostApp\HostApp.csproj", "{3CB19194-C7FC-492E-9F40-AA135E68DC2B}"
	ProjectSection(ProjectDependencies) = postProject
		{EA163CC8-8B9B-49A5-A3AB-4BFDAFD818DF} = {EA163CC8-8B9B-49A5-A3AB-4BFDAFD818DF}
	EndProjectSection
EndProject
Project("{8BC9CEB8-8B4A-11D0-8D11-00A0C91BC942}") = "WPTelnetD", "WPTelnetD\WPTelnetD.vcxproj", "{55138CB5-20D8-43C4-BD96-35E950383AC8}"
EndProject
Project("{2150E333-8FDC-42A3-9474-1A3956D46DE8}") = "ManagerApp", "ManagerApp", "{1B3EC19D-9131-4E48-A8E1-F8DB1445ED35}"
EndProject
Project("{8BC9CEB8-8B4A-11D0-8D11-00A0C91BC942}") = "DevProgram", "ManagerApp\DevProgram\DevProgram.vcxproj", "{829699E2-5B62-45DA-9E11-3886D4C6EBF4}"
EndProject
Project("{8BC9CEB8-8B4A-11D0-8D11-00A0C91BC942}") = "RegistryUtils", "ManagerApp\RegistryUtils\RegistryUtils.vcxproj", "{782D5B6C-3CCB-40BE-87F5-543D2C0E0AB1}"
EndProject
Project("{8BC9CEB8-8B4A-11D0-8D11-00A0C91BC942}") = "RegistryWPRT", "ManagerApp\RegistryWPRT\RegistryWPRT.vcxproj", "{CDF54DFF-0112-4572-971B-6288FBCA9ACD}"
EndProject
Project("{FAE04EC0-301F-11D3-BF4B-00C04F79EFBC}") = "WPTelnetManagerApp", "ManagerApp\WPTelnetManagerApp\WPTelnetManagerApp.csproj", "{EA163CC8-8B9B-49A5-A3AB-4BFDAFD818DF}"
	ProjectSection(ProjectDependencies) = postProject
		{55138CB5-20D8-43C4-BD96-35E950383AC8} = {55138CB5-20D8-43C4-BD96-35E950383AC8}
	EndProjectSection
EndProject
Project("{FAE04EC0-301F-11D3-BF4B-00C04F79EFBC}") = "WPTelnet.Manager.ViewModel", "ManagerApp\WPTelnet.Manager.ViewModel\WPTelnet.Manager.ViewModel.csproj", "{F1AD8B0C-0DBA-4EF7-A5B3-F11CFE0B1C1D}"
EndProject
Project("{8BC9CEB8-8B4A-11D0-8D11-00A0C91BC942}") = "DiagDebugLogWinPRT", "ManagerApp\DiagDebugLogWinPRT\DiagDebugLogWinPRT.vcxproj", "{42BBD833-3425-482F-B292-BD081AFED647}"
EndProject
Project("{8BC9CEB8-8B4A-11D0-8D11-00A0C91BC942}") = "WPTelnetDLib", "WPTelnetDLib\WPTelnetDLib.vcxproj", "{CA61A92D-66BE-4E9B-93FF-1794CF6124ED}"
EndProject
Project("{8BC9CEB8-8B4A-11D0-8D11-00A0C91BC942}") = "CSDDiagRT", "ManagerApp\CSDDiagRT\CSDDiagRT.vcxproj", "{B0F2F986-67C7-491A-B997-4D8E0CC45EAC}"
EndProject
Project("{8BC9CEB8-8B4A-11D0-8D11-00A0C91BC942}") = "HTCDebugLogWinPRT", "ManagerApp\HTCDebugLogWinPRT\HTCDebugLogWinPRT.vcxproj", "{7B0D4736-DE34-436B-BE09-953CD7930784}"
EndProject
Project("{8BC9CEB8-8B4A-11D0-8D11-00A0C91BC942}") = "RPCComponent", "ManagerApp\RPCComponent\RPCComponent.vcxproj", "{7CD6E323-BBEC-4933-84D2-99D1C66A7C7C}"
EndProject
Project("{8BC9CEB8-8B4A-11D0-8D11-00A0C91BC942}") = "FactoryKey", "ManagerApp\FactoryKey\FactoryKey.vcxproj", "{7E97446D-9F14-41AF-BE9E-C205FA6E9290}"
EndProject
Global
	GlobalSection(SolutionConfigurationPlatforms) = preSolution
		Debug|ARM = Debug|ARM
		Release|ARM = Release|ARM
	EndGlobalSection
	GlobalSection(ProjectConfigurationPlatforms) = postSolution
		{5BC6C6DF-BB6B-453D-BB06-81851A47C8A1}.Debug|ARM.ActiveCfg = Debug|Any CPU
		{5BC6C6DF-BB6B-453D-BB06-81851A47C8A1}.Debug|ARM.Build.0 = Debug|Any CPU
		{5BC6C6DF-BB6B-453D-BB06-81851A47C8A1}.Release|ARM.ActiveCfg = Release|Any CPU
		{3CB19194-C7FC-492E-9F40-AA135E68DC2B}.Debug|ARM.ActiveCfg = Debug|ARM
		{3CB19194-C7FC-492E-9F40-AA135E68DC2B}.Debug|ARM.Build.0 = Debug|ARM
		{3CB19194-C7FC-492E-9F40-AA135E68DC2B}.Debug|ARM.Deploy.0 = Debug|ARM
		{3CB19194-C7FC-492E-9F40-AA135E68DC2B}.Release|ARM.ActiveCfg = Release|ARM
		{3CB19194-C7FC-492E-9F40-AA135E68DC2B}.Release|ARM.Build.0 = Release|ARM
		{3CB19194-C7FC-492E-9F40-AA135E68DC2B}.Release|ARM.Deploy.0 = Release|ARM
		{55138CB5-20D8-43C4-BD96-35E950383AC8}.Debug|ARM.ActiveCfg = Debug|ARM
		{55138CB5-20D8-43C4-BD96-35E950383AC8}.Debug|ARM.Build.0 = Debug|ARM
		{55138CB5-20D8-43C4-BD96-35E950383AC8}.Debug|ARM.Deploy.0 = Debug|ARM
		{55138CB5-20D8-43C4-BD96-35E950383AC8}.Release|ARM.ActiveCfg = Release|ARM
		{55138CB5-20D8-43C4-BD96-35E950383AC8}.Release|ARM.Build.0 = Release|ARM
		{829699E2-5B62-45DA-9E11-3886D4C6EBF4}.Debug|ARM.ActiveCfg = Debug|ARM
		{829699E2-5B62-45DA-9E11-3886D4C6EBF4}.Debug|ARM.Build.0 = Debug|ARM
		{829699E2-5B62-45DA-9E11-3886D4C6EBF4}.Release|ARM.ActiveCfg = Release|ARM
		{829699E2-5B62-45DA-9E11-3886D4C6EBF4}.Release|ARM.Build.0 = Release|ARM
		{782D5B6C-3CCB-40BE-87F5-543D2C0E0AB1}.Debug|ARM.ActiveCfg = Debug|ARM
		{782D5B6C-3CCB-40BE-87F5-543D2C0E0AB1}.Debug|ARM.Build.0 = Debug|ARM
		{782D5B6C-3CCB-40BE-87F5-543D2C0E0AB1}.Release|ARM.ActiveCfg = Release|ARM
		{782D5B6C-3CCB-40BE-87F5-543D2C0E0AB1}.Release|ARM.Build.0 = Release|ARM
		{CDF54DFF-0112-4572-971B-6288FBCA9ACD}.Debug|ARM.ActiveCfg = Debug|ARM
		{CDF54DFF-0112-4572-971B-6288FBCA9ACD}.Debug|ARM.Build.0 = Debug|ARM
		{CDF54DFF-0112-4572-971B-6288FBCA9ACD}.Release|ARM.ActiveCfg = Release|ARM
		{CDF54DFF-0112-4572-971B-6288FBCA9ACD}.Release|ARM.Build.0 = Release|ARM
		{EA163CC8-8B9B-49A5-A3AB-4BFDAFD818DF}.Debug|ARM.ActiveCfg = Debug|ARM
		{EA163CC8-8B9B-49A5-A3AB-4BFDAFD818DF}.Debug|ARM.Build.0 = Debug|ARM
		{EA163CC8-8B9B-49A5-A3AB-4BFDAFD818DF}.Debug|ARM.Deploy.0 = Debug|ARM
		{EA163CC8-8B9B-49A5-A3AB-4BFDAFD818DF}.Release|ARM.ActiveCfg = Release|ARM
		{EA163CC8-8B9B-49A5-A3AB-4BFDAFD818DF}.Release|ARM.Build.0 = Release|ARM
		{EA163CC8-8B9B-49A5-A3AB-4BFDAFD818DF}.Release|ARM.Deploy.0 = Release|ARM
		{F1AD8B0C-0DBA-4EF7-A5B3-F11CFE0B1C1D}.Debug|ARM.ActiveCfg = Debug|ARM
		{F1AD8B0C-0DBA-4EF7-A5B3-F11CFE0B1C1D}.Debug|ARM.Build.0 = Debug|ARM
		{F1AD8B0C-0DBA-4EF7-A5B3-F11CFE0B1C1D}.Release|ARM.ActiveCfg = Release|ARM
		{F1AD8B0C-0DBA-4EF7-A5B3-F11CFE0B1C1D}.Release|ARM.Build.0 = Release|ARM
		{42BBD833-3425-482F-B292-BD081AFED647}.Debug|ARM.ActiveCfg = Debug|ARM
		{42BBD833-3425-482F-B292-BD081AFED647}.Debug|ARM.Build.0 = Debug|ARM
		{42BBD833-3425-482F-B292-BD081AFED647}.Release|ARM.ActiveCfg = Release|ARM
		{42BBD833-3425-482F-B292-BD081AFED647}.Release|ARM.Build.0 = Release|ARM
		{CA61A92D-66BE-4E9B-93FF-1794CF6124ED}.Debug|ARM.ActiveCfg = Debug|ARM
		{CA61A92D-66BE-4E9B-93FF-1794CF6124ED}.Debug|ARM.Build.0 = Debug|ARM
		{CA61A92D-66BE-4E9B-93FF-1794CF6124ED}.Release|ARM.ActiveCfg = Release|ARM
		{CA61A92D-66BE-4E9B-93FF-1794CF6124ED}.Release|ARM.Build.0 = Release|ARM
		{B0F2F986-67C7-491A-B997-4D8E0CC45EAC}.Debug|ARM.ActiveCfg = Debug|ARM
		{B0F2F986-67C7-491A-B997-4D8E0CC45EAC}.Debug|ARM.Build.0 = Debug|ARM
		{B0F2F986-67C7-491A-B997-4D8E0CC45EAC}.Release|ARM.ActiveCfg = Release|ARM
		{B0F2F986-67C7-491A-B997-4D8E0CC45EAC}.Release|ARM.Build.0 = Release|ARM
		{7B0D4736-DE34-436B-BE09-953CD7930784}.Debug|ARM.ActiveCfg = Debug|ARM
		{7B0D4736-DE34-436B-BE09-953CD7930784}.Debug|ARM.Build.0 = Debug|ARM
		{7B0D4736-DE34-436B-BE09-953CD7930784}.Release|ARM.ActiveCfg = Release|ARM
		{7B0D4736-DE34-436B-BE09-953CD7930784}.Release|ARM.Build.0 = Release|ARM
		{7CD6E323-BBEC-4933-84D2-99D1C66A7C7C}.Debug|ARM.ActiveCfg = Debug|ARM
		{7CD6E323-BBEC-4933-84D2-99D1C66A7C7C}.Debug|ARM.Build.0 = Debug|ARM
		{7CD6E323-BBEC-4933-84D2-99D1C66A7C7C}.Release|ARM.ActiveCfg = Release|ARM
		{7CD6E323-BBEC-4933-84D2-99D1C66A7C7C}.Release|ARM.Build.0 = Release|ARM
		{7E97446D-9F14-41AF-BE9E-C205FA6E9290}.Debug|ARM.ActiveCfg = Debug|ARM
		{7E97446D-9F14-41AF-BE9E-C205FA6E9290}.Debug|ARM.Build.0 = Debug|ARM
		{7E97446D-9F14-41AF-BE9E-C205FA6E9290}.Release|ARM.ActiveCfg = Release|ARM
		{7E97446D-9F14-41AF-BE9E-C205FA6E9290}.Release|ARM.Build.0 = Release|ARM
	EndGlobalSection
	GlobalSection(SolutionProperties) = preSolution
		HideSolutionNode = FALSE
	EndGlobalSection
	GlobalSection(NestedProjects) = preSolution
		{829699E2-5B62-45DA-9E11-3886D4C6EBF4} = {1B3EC19D-9131-4E48-A8E1-F8DB1445ED35}
		{782D5B6C-3CCB-40BE-87F5-543D2C0E0AB1} = {1B3EC19D-9131-4E48-A8E1-F8DB1445ED35}
		{CDF54DFF-0112-4572-971B-6288FBCA9ACD} = {1B3EC19D-9131-4E48-A8E1-F8DB1445ED35}
		{EA163CC8-8B9B-49A5-A3AB-4BFDAFD818DF} = {1B3EC19D-9131-4E48-A8E1-F8DB1445ED35}
		{F1AD8B0C-0DBA-4EF7-A5B3-F11CFE0B1C1D} = {1B3EC19D-9131-4E48-A8E1-F8DB1445ED35}
		{42BBD833-3425-482F-B292-BD081AFED647} = {1B3EC19D-9131-4E48-A8E1-F8DB1445ED35}
		{B0F2F986-67C7-491A-B997-4D8E0CC45EAC} = {1B3EC19D-9131-4E48-A8E1-F8DB1445ED35}
		{7B0D4736-DE34-436B-BE09-953CD7930784} = {1B3EC19D-9131-4E48-A8E1-F8DB1445ED35}
		{7CD6E323-BBEC-4933-84D2-99D1C66A7C7C} = {1B3EC19D-9131-4E48-A8E1-F8DB1445ED35}
		{7E97446D-9F14-41AF-BE9E-C205FA6E9290} = {1B3EC19D-9131-4E48-A8E1-F8DB1445ED35}
	EndGlobalSection
EndGlobal
