
Microsoft Visual Studio Solution File, Format Version 12.00
# Visual Studio 2013
VisualStudioVersion = 12.0.31101.0
MinimumVisualStudioVersion = 10.0.40219.1
Project("{8BC9CEB8-8B4A-11D0-8D11-00A0C91BC942}") = "WPTelnetD", "WPTelnetD\WPTelnetD.vcxproj", "{55138CB5-20D8-43C4-BD96-35E950383AC8}"
EndProject
Project("{8BC9CEB8-8B4A-11D0-8D11-00A0C91BC942}") = "WPTelnetDLib", "WPTelnetDLib\WPTelnetDLib.vcxproj", "{CA61A92D-66BE-4E9B-93FF-1794CF6124ED}"
EndProject
Project("{2150E333-8FDC-42A3-9474-1A3956D46DE8}") = "Utilities", "Utilities", "{381A6903-3D72-4C96-8CFD-FE1BD698235F}"
EndProject
Project("{8BC9CEB8-8B4A-11D0-8D11-00A0C91BC942}") = "TelnetService", "TelnetService\TelnetService.vcxproj", "{A9511D9A-DCAE-4EE0-AADB-CF50E3A7F4DC}"
EndProject
Project("{8BC9CEB8-8B4A-11D0-8D11-00A0C91BC942}") = "WatchForChanges", "SC\WatchForChanges\WatchForChanges.vcxproj", "{F9FE806D-74B8-4BDC-A514-FB2AD6578E04}"
EndProject
Project("{8BC9CEB8-8B4A-11D0-8D11-00A0C91BC942}") = "sc", "SC\SC\Snickler.vcxproj", "{F65171A3-166D-4FF6-9A66-4AA6C79743A2}"
EndProject
Project("{8BC9CEB8-8B4A-11D0-8D11-00A0C91BC942}") = "LibTelnetD", "LibTelnetD\LibTelnetD.vcxproj", "{52650364-D9CB-4F01-BD2A-5E23F9C96D5E}"
EndProject
Project("{8BC9CEB8-8B4A-11D0-8D11-00A0C91BC942}") = "WPTelnetD81Lib", "WPTelnetDLib\WPTelnetD81Lib.vcxproj", "{85B79795-4870-48B0-99E6-A410AB07CF6F}"
EndProject
Project("{8BC9CEB8-8B4A-11D0-8D11-00A0C91BC942}") = "LibTelnetDSl", "LibTelnetD\LibTelnetDSl.vcxproj", "{F4415E78-B766-4C00-99D1-C89F7A9CB867}"
EndProject
Project("{8BC9CEB8-8B4A-11D0-8D11-00A0C91BC942}") = "TelnetDS81", "TelnetDS81\TelnetDS81.vcxproj", "{7B6E2FDC-9F6E-464E-8A01-615E4CC3330F}"
EndProject
Project("{8BC9CEB8-8B4A-11D0-8D11-00A0C91BC942}") = "WPTelnetDService", "WPTelnetDService\WPTelnetDService.vcxproj", "{EA232A1C-354E-4F74-8CD7-2C9D300AF091}"
EndProject
Global
	GlobalSection(SolutionConfigurationPlatforms) = preSolution
		Debug|Any CPU = Debug|Any CPU
		Debug|ARM = Debug|ARM
		Debug|Mixed Platforms = Debug|Mixed Platforms
		Debug|Win32 = Debug|Win32
		Debug|x64 = Debug|x64
		Debug|x86 = Debug|x86
		Release|Any CPU = Release|Any CPU
		Release|ARM = Release|ARM
		Release|Mixed Platforms = Release|Mixed Platforms
		Release|Win32 = Release|Win32
		Release|x64 = Release|x64
		Release|x86 = Release|x86
	EndGlobalSection
	GlobalSection(ProjectConfigurationPlatforms) = postSolution
		{55138CB5-20D8-43C4-BD96-35E950383AC8}.Debug|Any CPU.ActiveCfg = Debug|Win32
		{55138CB5-20D8-43C4-BD96-35E950383AC8}.Debug|ARM.ActiveCfg = Debug|ARM
		{55138CB5-20D8-43C4-BD96-35E950383AC8}.Debug|ARM.Build.0 = Debug|ARM
		{55138CB5-20D8-43C4-BD96-35E950383AC8}.Debug|ARM.Deploy.0 = Debug|ARM
		{55138CB5-20D8-43C4-BD96-35E950383AC8}.Debug|Mixed Platforms.ActiveCfg = Debug|Win32
		{55138CB5-20D8-43C4-BD96-35E950383AC8}.Debug|Mixed Platforms.Build.0 = Debug|Win32
		{55138CB5-20D8-43C4-BD96-35E950383AC8}.Debug|Win32.ActiveCfg = Debug|Win32
		{55138CB5-20D8-43C4-BD96-35E950383AC8}.Debug|Win32.Build.0 = Debug|Win32
		{55138CB5-20D8-43C4-BD96-35E950383AC8}.Debug|x64.ActiveCfg = Debug|Win32
		{55138CB5-20D8-43C4-BD96-35E950383AC8}.Debug|x86.ActiveCfg = Debug|Win32
		{55138CB5-20D8-43C4-BD96-35E950383AC8}.Debug|x86.Build.0 = Debug|Win32
		{55138CB5-20D8-43C4-BD96-35E950383AC8}.Release|Any CPU.ActiveCfg = Release|Win32
		{55138CB5-20D8-43C4-BD96-35E950383AC8}.Release|ARM.ActiveCfg = Release|ARM
		{55138CB5-20D8-43C4-BD96-35E950383AC8}.Release|ARM.Build.0 = Release|ARM
		{55138CB5-20D8-43C4-BD96-35E950383AC8}.Release|Mixed Platforms.ActiveCfg = Release|Win32
		{55138CB5-20D8-43C4-BD96-35E950383AC8}.Release|Mixed Platforms.Build.0 = Release|Win32
		{55138CB5-20D8-43C4-BD96-35E950383AC8}.Release|Win32.ActiveCfg = Release|Win32
		{55138CB5-20D8-43C4-BD96-35E950383AC8}.Release|Win32.Build.0 = Release|Win32
		{55138CB5-20D8-43C4-BD96-35E950383AC8}.Release|x64.ActiveCfg = Release|Win32
		{55138CB5-20D8-43C4-BD96-35E950383AC8}.Release|x86.ActiveCfg = Release|Win32
		{55138CB5-20D8-43C4-BD96-35E950383AC8}.Release|x86.Build.0 = Release|Win32
		{CA61A92D-66BE-4E9B-93FF-1794CF6124ED}.Debug|Any CPU.ActiveCfg = Debug|Win32
		{CA61A92D-66BE-4E9B-93FF-1794CF6124ED}.Debug|ARM.ActiveCfg = Debug|ARM
		{CA61A92D-66BE-4E9B-93FF-1794CF6124ED}.Debug|ARM.Build.0 = Debug|ARM
		{CA61A92D-66BE-4E9B-93FF-1794CF6124ED}.Debug|Mixed Platforms.ActiveCfg = Debug|Win32
		{CA61A92D-66BE-4E9B-93FF-1794CF6124ED}.Debug|Mixed Platforms.Build.0 = Debug|Win32
		{CA61A92D-66BE-4E9B-93FF-1794CF6124ED}.Debug|Win32.ActiveCfg = Debug|Win32
		{CA61A92D-66BE-4E9B-93FF-1794CF6124ED}.Debug|Win32.Build.0 = Debug|Win32
		{CA61A92D-66BE-4E9B-93FF-1794CF6124ED}.Debug|x64.ActiveCfg = Debug|Win32
		{CA61A92D-66BE-4E9B-93FF-1794CF6124ED}.Debug|x86.ActiveCfg = Debug|Win32
		{CA61A92D-66BE-4E9B-93FF-1794CF6124ED}.Debug|x86.Build.0 = Debug|Win32
		{CA61A92D-66BE-4E9B-93FF-1794CF6124ED}.Release|Any CPU.ActiveCfg = Release|Win32
		{CA61A92D-66BE-4E9B-93FF-1794CF6124ED}.Release|ARM.ActiveCfg = Release|ARM
		{CA61A92D-66BE-4E9B-93FF-1794CF6124ED}.Release|ARM.Build.0 = Release|ARM
		{CA61A92D-66BE-4E9B-93FF-1794CF6124ED}.Release|Mixed Platforms.ActiveCfg = Release|Win32
		{CA61A92D-66BE-4E9B-93FF-1794CF6124ED}.Release|Mixed Platforms.Build.0 = Release|Win32
		{CA61A92D-66BE-4E9B-93FF-1794CF6124ED}.Release|Win32.ActiveCfg = Release|Win32
		{CA61A92D-66BE-4E9B-93FF-1794CF6124ED}.Release|Win32.Build.0 = Release|Win32
		{CA61A92D-66BE-4E9B-93FF-1794CF6124ED}.Release|x64.ActiveCfg = Release|Win32
		{CA61A92D-66BE-4E9B-93FF-1794CF6124ED}.Release|x86.ActiveCfg = Release|Win32
		{CA61A92D-66BE-4E9B-93FF-1794CF6124ED}.Release|x86.Build.0 = Release|Win32
		{A9511D9A-DCAE-4EE0-AADB-CF50E3A7F4DC}.Debug|Any CPU.ActiveCfg = Debug|Win32
		{A9511D9A-DCAE-4EE0-AADB-CF50E3A7F4DC}.Debug|ARM.ActiveCfg = Debug|ARM
		{A9511D9A-DCAE-4EE0-AADB-CF50E3A7F4DC}.Debug|ARM.Build.0 = Debug|ARM
		{A9511D9A-DCAE-4EE0-AADB-CF50E3A7F4DC}.Debug|Mixed Platforms.ActiveCfg = Debug|Win32
		{A9511D9A-DCAE-4EE0-AADB-CF50E3A7F4DC}.Debug|Mixed Platforms.Build.0 = Debug|Win32
		{A9511D9A-DCAE-4EE0-AADB-CF50E3A7F4DC}.Debug|Win32.ActiveCfg = Debug|Win32
		{A9511D9A-DCAE-4EE0-AADB-CF50E3A7F4DC}.Debug|Win32.Build.0 = Debug|Win32
		{A9511D9A-DCAE-4EE0-AADB-CF50E3A7F4DC}.Debug|x64.ActiveCfg = Debug|Win32
		{A9511D9A-DCAE-4EE0-AADB-CF50E3A7F4DC}.Debug|x86.ActiveCfg = Debug|Win32
		{A9511D9A-DCAE-4EE0-AADB-CF50E3A7F4DC}.Debug|x86.Build.0 = Debug|Win32
		{A9511D9A-DCAE-4EE0-AADB-CF50E3A7F4DC}.Release|Any CPU.ActiveCfg = Release|Win32
		{A9511D9A-DCAE-4EE0-AADB-CF50E3A7F4DC}.Release|ARM.ActiveCfg = Release|ARM
		{A9511D9A-DCAE-4EE0-AADB-CF50E3A7F4DC}.Release|ARM.Build.0 = Release|ARM
		{A9511D9A-DCAE-4EE0-AADB-CF50E3A7F4DC}.Release|Mixed Platforms.ActiveCfg = Release|Win32
		{A9511D9A-DCAE-4EE0-AADB-CF50E3A7F4DC}.Release|Mixed Platforms.Build.0 = Release|Win32
		{A9511D9A-DCAE-4EE0-AADB-CF50E3A7F4DC}.Release|Win32.ActiveCfg = Release|Win32
		{A9511D9A-DCAE-4EE0-AADB-CF50E3A7F4DC}.Release|Win32.Build.0 = Release|Win32
		{A9511D9A-DCAE-4EE0-AADB-CF50E3A7F4DC}.Release|x64.ActiveCfg = Release|Win32
		{A9511D9A-DCAE-4EE0-AADB-CF50E3A7F4DC}.Release|x86.ActiveCfg = Release|Win32
		{A9511D9A-DCAE-4EE0-AADB-CF50E3A7F4DC}.Release|x86.Build.0 = Release|Win32
		{F9FE806D-74B8-4BDC-A514-FB2AD6578E04}.Debug|Any CPU.ActiveCfg = Debug|Win32
		{F9FE806D-74B8-4BDC-A514-FB2AD6578E04}.Debug|ARM.ActiveCfg = Debug|ARM
		{F9FE806D-74B8-4BDC-A514-FB2AD6578E04}.Debug|ARM.Build.0 = Debug|ARM
		{F9FE806D-74B8-4BDC-A514-FB2AD6578E04}.Debug|Mixed Platforms.ActiveCfg = Debug|Win32
		{F9FE806D-74B8-4BDC-A514-FB2AD6578E04}.Debug|Mixed Platforms.Build.0 = Debug|Win32
		{F9FE806D-74B8-4BDC-A514-FB2AD6578E04}.Debug|Win32.ActiveCfg = Debug|Win32
		{F9FE806D-74B8-4BDC-A514-FB2AD6578E04}.Debug|Win32.Build.0 = Debug|Win32
		{F9FE806D-74B8-4BDC-A514-FB2AD6578E04}.Debug|x64.ActiveCfg = Debug|Win32
		{F9FE806D-74B8-4BDC-A514-FB2AD6578E04}.Debug|x86.ActiveCfg = Debug|Win32
		{F9FE806D-74B8-4BDC-A514-FB2AD6578E04}.Debug|x86.Build.0 = Debug|Win32
		{F9FE806D-74B8-4BDC-A514-FB2AD6578E04}.Release|Any CPU.ActiveCfg = Release|Win32
		{F9FE806D-74B8-4BDC-A514-FB2AD6578E04}.Release|ARM.ActiveCfg = Release|ARM
		{F9FE806D-74B8-4BDC-A514-FB2AD6578E04}.Release|ARM.Build.0 = Release|ARM
		{F9FE806D-74B8-4BDC-A514-FB2AD6578E04}.Release|ARM.Deploy.0 = Release|ARM
		{F9FE806D-74B8-4BDC-A514-FB2AD6578E04}.Release|Mixed Platforms.ActiveCfg = Release|Win32
		{F9FE806D-74B8-4BDC-A514-FB2AD6578E04}.Release|Mixed Platforms.Build.0 = Release|Win32
		{F9FE806D-74B8-4BDC-A514-FB2AD6578E04}.Release|Win32.ActiveCfg = Release|Win32
		{F9FE806D-74B8-4BDC-A514-FB2AD6578E04}.Release|Win32.Build.0 = Release|Win32
		{F9FE806D-74B8-4BDC-A514-FB2AD6578E04}.Release|x64.ActiveCfg = Release|Win32
		{F9FE806D-74B8-4BDC-A514-FB2AD6578E04}.Release|x86.ActiveCfg = Release|Win32
		{F9FE806D-74B8-4BDC-A514-FB2AD6578E04}.Release|x86.Build.0 = Release|Win32
		{F65171A3-166D-4FF6-9A66-4AA6C79743A2}.Debug|Any CPU.ActiveCfg = Debug|Win32
		{F65171A3-166D-4FF6-9A66-4AA6C79743A2}.Debug|ARM.ActiveCfg = Debug|ARM
		{F65171A3-166D-4FF6-9A66-4AA6C79743A2}.Debug|ARM.Build.0 = Debug|ARM
		{F65171A3-166D-4FF6-9A66-4AA6C79743A2}.Debug|Mixed Platforms.ActiveCfg = Debug|Win32
		{F65171A3-166D-4FF6-9A66-4AA6C79743A2}.Debug|Mixed Platforms.Build.0 = Debug|Win32
		{F65171A3-166D-4FF6-9A66-4AA6C79743A2}.Debug|Win32.ActiveCfg = Debug|Win32
		{F65171A3-166D-4FF6-9A66-4AA6C79743A2}.Debug|Win32.Build.0 = Debug|Win32
		{F65171A3-166D-4FF6-9A66-4AA6C79743A2}.Debug|x64.ActiveCfg = Debug|Win32
		{F65171A3-166D-4FF6-9A66-4AA6C79743A2}.Debug|x86.ActiveCfg = Debug|Win32
		{F65171A3-166D-4FF6-9A66-4AA6C79743A2}.Debug|x86.Build.0 = Debug|Win32
		{F65171A3-166D-4FF6-9A66-4AA6C79743A2}.Release|Any CPU.ActiveCfg = Release|Win32
		{F65171A3-166D-4FF6-9A66-4AA6C79743A2}.Release|ARM.ActiveCfg = Release|ARM
		{F65171A3-166D-4FF6-9A66-4AA6C79743A2}.Release|ARM.Build.0 = Release|ARM
		{F65171A3-166D-4FF6-9A66-4AA6C79743A2}.Release|ARM.Deploy.0 = Release|ARM
		{F65171A3-166D-4FF6-9A66-4AA6C79743A2}.Release|Mixed Platforms.ActiveCfg = Release|Win32
		{F65171A3-166D-4FF6-9A66-4AA6C79743A2}.Release|Mixed Platforms.Build.0 = Release|Win32
		{F65171A3-166D-4FF6-9A66-4AA6C79743A2}.Release|Win32.ActiveCfg = Release|Win32
		{F65171A3-166D-4FF6-9A66-4AA6C79743A2}.Release|Win32.Build.0 = Release|Win32
		{F65171A3-166D-4FF6-9A66-4AA6C79743A2}.Release|x64.ActiveCfg = Release|Win32
		{F65171A3-166D-4FF6-9A66-4AA6C79743A2}.Release|x86.ActiveCfg = Release|Win32
		{F65171A3-166D-4FF6-9A66-4AA6C79743A2}.Release|x86.Build.0 = Release|Win32
		{52650364-D9CB-4F01-BD2A-5E23F9C96D5E}.Debug|Any CPU.ActiveCfg = Debug|Win32
		{52650364-D9CB-4F01-BD2A-5E23F9C96D5E}.Debug|ARM.ActiveCfg = Debug|ARM
		{52650364-D9CB-4F01-BD2A-5E23F9C96D5E}.Debug|ARM.Build.0 = Debug|ARM
		{52650364-D9CB-4F01-BD2A-5E23F9C96D5E}.Debug|Mixed Platforms.ActiveCfg = Debug|Win32
		{52650364-D9CB-4F01-BD2A-5E23F9C96D5E}.Debug|Mixed Platforms.Build.0 = Debug|Win32
		{52650364-D9CB-4F01-BD2A-5E23F9C96D5E}.Debug|Win32.ActiveCfg = Debug|Win32
		{52650364-D9CB-4F01-BD2A-5E23F9C96D5E}.Debug|Win32.Build.0 = Debug|Win32
		{52650364-D9CB-4F01-BD2A-5E23F9C96D5E}.Debug|x64.ActiveCfg = Debug|Win32
		{52650364-D9CB-4F01-BD2A-5E23F9C96D5E}.Debug|x86.ActiveCfg = Debug|Win32
		{52650364-D9CB-4F01-BD2A-5E23F9C96D5E}.Debug|x86.Build.0 = Debug|Win32
		{52650364-D9CB-4F01-BD2A-5E23F9C96D5E}.Release|Any CPU.ActiveCfg = Release|Win32
		{52650364-D9CB-4F01-BD2A-5E23F9C96D5E}.Release|ARM.ActiveCfg = Release|ARM
		{52650364-D9CB-4F01-BD2A-5E23F9C96D5E}.Release|ARM.Build.0 = Release|ARM
		{52650364-D9CB-4F01-BD2A-5E23F9C96D5E}.Release|Mixed Platforms.ActiveCfg = Release|Win32
		{52650364-D9CB-4F01-BD2A-5E23F9C96D5E}.Release|Mixed Platforms.Build.0 = Release|Win32
		{52650364-D9CB-4F01-BD2A-5E23F9C96D5E}.Release|Win32.ActiveCfg = Release|Win32
		{52650364-D9CB-4F01-BD2A-5E23F9C96D5E}.Release|Win32.Build.0 = Release|Win32
		{52650364-D9CB-4F01-BD2A-5E23F9C96D5E}.Release|x64.ActiveCfg = Release|Win32
		{52650364-D9CB-4F01-BD2A-5E23F9C96D5E}.Release|x86.ActiveCfg = Release|Win32
		{52650364-D9CB-4F01-BD2A-5E23F9C96D5E}.Release|x86.Build.0 = Release|Win32
		{85B79795-4870-48B0-99E6-A410AB07CF6F}.Debug|Any CPU.ActiveCfg = Debug|Win32
		{85B79795-4870-48B0-99E6-A410AB07CF6F}.Debug|ARM.ActiveCfg = Debug|ARM
		{85B79795-4870-48B0-99E6-A410AB07CF6F}.Debug|ARM.Build.0 = Debug|ARM
		{85B79795-4870-48B0-99E6-A410AB07CF6F}.Debug|Mixed Platforms.ActiveCfg = Debug|Win32
		{85B79795-4870-48B0-99E6-A410AB07CF6F}.Debug|Mixed Platforms.Build.0 = Debug|Win32
		{85B79795-4870-48B0-99E6-A410AB07CF6F}.Debug|Win32.ActiveCfg = Debug|Win32
		{85B79795-4870-48B0-99E6-A410AB07CF6F}.Debug|Win32.Build.0 = Debug|Win32
		{85B79795-4870-48B0-99E6-A410AB07CF6F}.Debug|x64.ActiveCfg = Debug|Win32
		{85B79795-4870-48B0-99E6-A410AB07CF6F}.Debug|x86.ActiveCfg = Debug|Win32
		{85B79795-4870-48B0-99E6-A410AB07CF6F}.Debug|x86.Build.0 = Debug|Win32
		{85B79795-4870-48B0-99E6-A410AB07CF6F}.Release|Any CPU.ActiveCfg = Release|Win32
		{85B79795-4870-48B0-99E6-A410AB07CF6F}.Release|ARM.ActiveCfg = Release|ARM
		{85B79795-4870-48B0-99E6-A410AB07CF6F}.Release|ARM.Build.0 = Release|ARM
		{85B79795-4870-48B0-99E6-A410AB07CF6F}.Release|Mixed Platforms.ActiveCfg = Release|Win32
		{85B79795-4870-48B0-99E6-A410AB07CF6F}.Release|Mixed Platforms.Build.0 = Release|Win32
		{85B79795-4870-48B0-99E6-A410AB07CF6F}.Release|Win32.ActiveCfg = Release|Win32
		{85B79795-4870-48B0-99E6-A410AB07CF6F}.Release|Win32.Build.0 = Release|Win32
		{85B79795-4870-48B0-99E6-A410AB07CF6F}.Release|x64.ActiveCfg = Release|Win32
		{85B79795-4870-48B0-99E6-A410AB07CF6F}.Release|x86.ActiveCfg = Release|Win32
		{85B79795-4870-48B0-99E6-A410AB07CF6F}.Release|x86.Build.0 = Release|Win32
		{F4415E78-B766-4C00-99D1-C89F7A9CB867}.Debug|Any CPU.ActiveCfg = Debug|Win32
		{F4415E78-B766-4C00-99D1-C89F7A9CB867}.Debug|ARM.ActiveCfg = Debug|ARM
		{F4415E78-B766-4C00-99D1-C89F7A9CB867}.Debug|ARM.Build.0 = Debug|ARM
		{F4415E78-B766-4C00-99D1-C89F7A9CB867}.Debug|Mixed Platforms.ActiveCfg = Debug|Win32
		{F4415E78-B766-4C00-99D1-C89F7A9CB867}.Debug|Mixed Platforms.Build.0 = Debug|Win32
		{F4415E78-B766-4C00-99D1-C89F7A9CB867}.Debug|Win32.ActiveCfg = Debug|Win32
		{F4415E78-B766-4C00-99D1-C89F7A9CB867}.Debug|Win32.Build.0 = Debug|Win32
		{F4415E78-B766-4C00-99D1-C89F7A9CB867}.Debug|x64.ActiveCfg = Debug|Win32
		{F4415E78-B766-4C00-99D1-C89F7A9CB867}.Debug|x86.ActiveCfg = Debug|Win32
		{F4415E78-B766-4C00-99D1-C89F7A9CB867}.Debug|x86.Build.0 = Debug|Win32
		{F4415E78-B766-4C00-99D1-C89F7A9CB867}.Release|Any CPU.ActiveCfg = Release|Win32
		{F4415E78-B766-4C00-99D1-C89F7A9CB867}.Release|ARM.ActiveCfg = Release|ARM
		{F4415E78-B766-4C00-99D1-C89F7A9CB867}.Release|ARM.Build.0 = Release|ARM
		{F4415E78-B766-4C00-99D1-C89F7A9CB867}.Release|Mixed Platforms.ActiveCfg = Release|Win32
		{F4415E78-B766-4C00-99D1-C89F7A9CB867}.Release|Mixed Platforms.Build.0 = Release|Win32
		{F4415E78-B766-4C00-99D1-C89F7A9CB867}.Release|Win32.ActiveCfg = Release|Win32
		{F4415E78-B766-4C00-99D1-C89F7A9CB867}.Release|Win32.Build.0 = Release|Win32
		{F4415E78-B766-4C00-99D1-C89F7A9CB867}.Release|x64.ActiveCfg = Release|Win32
		{F4415E78-B766-4C00-99D1-C89F7A9CB867}.Release|x86.ActiveCfg = Release|Win32
		{F4415E78-B766-4C00-99D1-C89F7A9CB867}.Release|x86.Build.0 = Release|Win32
		{7B6E2FDC-9F6E-464E-8A01-615E4CC3330F}.Debug|Any CPU.ActiveCfg = Debug|Win32
		{7B6E2FDC-9F6E-464E-8A01-615E4CC3330F}.Debug|ARM.ActiveCfg = Debug|ARM
		{7B6E2FDC-9F6E-464E-8A01-615E4CC3330F}.Debug|ARM.Build.0 = Debug|ARM
		{7B6E2FDC-9F6E-464E-8A01-615E4CC3330F}.Debug|Mixed Platforms.ActiveCfg = Debug|Win32
		{7B6E2FDC-9F6E-464E-8A01-615E4CC3330F}.Debug|Mixed Platforms.Build.0 = Debug|Win32
		{7B6E2FDC-9F6E-464E-8A01-615E4CC3330F}.Debug|Win32.ActiveCfg = Debug|Win32
		{7B6E2FDC-9F6E-464E-8A01-615E4CC3330F}.Debug|Win32.Build.0 = Debug|Win32
		{7B6E2FDC-9F6E-464E-8A01-615E4CC3330F}.Debug|x64.ActiveCfg = Debug|Win32
		{7B6E2FDC-9F6E-464E-8A01-615E4CC3330F}.Debug|x86.ActiveCfg = Debug|Win32
		{7B6E2FDC-9F6E-464E-8A01-615E4CC3330F}.Debug|x86.Build.0 = Debug|Win32
		{7B6E2FDC-9F6E-464E-8A01-615E4CC3330F}.Release|Any CPU.ActiveCfg = Release|Win32
		{7B6E2FDC-9F6E-464E-8A01-615E4CC3330F}.Release|ARM.ActiveCfg = Release|ARM
		{7B6E2FDC-9F6E-464E-8A01-615E4CC3330F}.Release|ARM.Build.0 = Release|ARM
		{7B6E2FDC-9F6E-464E-8A01-615E4CC3330F}.Release|Mixed Platforms.ActiveCfg = Release|Win32
		{7B6E2FDC-9F6E-464E-8A01-615E4CC3330F}.Release|Mixed Platforms.Build.0 = Release|Win32
		{7B6E2FDC-9F6E-464E-8A01-615E4CC3330F}.Release|Win32.ActiveCfg = Release|Win32
		{7B6E2FDC-9F6E-464E-8A01-615E4CC3330F}.Release|Win32.Build.0 = Release|Win32
		{7B6E2FDC-9F6E-464E-8A01-615E4CC3330F}.Release|x64.ActiveCfg = Release|Win32
		{7B6E2FDC-9F6E-464E-8A01-615E4CC3330F}.Release|x86.ActiveCfg = Release|Win32
		{7B6E2FDC-9F6E-464E-8A01-615E4CC3330F}.Release|x86.Build.0 = Release|Win32
		{EA232A1C-354E-4F74-8CD7-2C9D300AF091}.Debug|Any CPU.ActiveCfg = Debug|Win32
		{EA232A1C-354E-4F74-8CD7-2C9D300AF091}.Debug|ARM.ActiveCfg = Debug|ARM
		{EA232A1C-354E-4F74-8CD7-2C9D300AF091}.Debug|Mixed Platforms.ActiveCfg = Debug|Win32
		{EA232A1C-354E-4F74-8CD7-2C9D300AF091}.Debug|Mixed Platforms.Build.0 = Debug|Win32
		{EA232A1C-354E-4F74-8CD7-2C9D300AF091}.Debug|Win32.ActiveCfg = Debug|Win32
		{EA232A1C-354E-4F74-8CD7-2C9D300AF091}.Debug|Win32.Build.0 = Debug|Win32
		{EA232A1C-354E-4F74-8CD7-2C9D300AF091}.Debug|x64.ActiveCfg = Debug|Win32
		{EA232A1C-354E-4F74-8CD7-2C9D300AF091}.Debug|x86.ActiveCfg = Debug|Win32
		{EA232A1C-354E-4F74-8CD7-2C9D300AF091}.Debug|x86.Build.0 = Debug|Win32
		{EA232A1C-354E-4F74-8CD7-2C9D300AF091}.Release|Any CPU.ActiveCfg = Release|Win32
		{EA232A1C-354E-4F74-8CD7-2C9D300AF091}.Release|ARM.ActiveCfg = Release|ARM
		{EA232A1C-354E-4F74-8CD7-2C9D300AF091}.Release|ARM.Build.0 = Release|ARM
		{EA232A1C-354E-4F74-8CD7-2C9D300AF091}.Release|Mixed Platforms.ActiveCfg = Release|Win32
		{EA232A1C-354E-4F74-8CD7-2C9D300AF091}.Release|Mixed Platforms.Build.0 = Release|Win32
		{EA232A1C-354E-4F74-8CD7-2C9D300AF091}.Release|Win32.ActiveCfg = Release|Win32
		{EA232A1C-354E-4F74-8CD7-2C9D300AF091}.Release|Win32.Build.0 = Release|Win32
		{EA232A1C-354E-4F74-8CD7-2C9D300AF091}.Release|x64.ActiveCfg = Release|Win32
		{EA232A1C-354E-4F74-8CD7-2C9D300AF091}.Release|x86.ActiveCfg = Release|Win32
		{EA232A1C-354E-4F74-8CD7-2C9D300AF091}.Release|x86.Build.0 = Release|Win32
	EndGlobalSection
	GlobalSection(SolutionProperties) = preSolution
		HideSolutionNode = FALSE
	EndGlobalSection
	GlobalSection(NestedProjects) = preSolution
		{A9511D9A-DCAE-4EE0-AADB-CF50E3A7F4DC} = {381A6903-3D72-4C96-8CFD-FE1BD698235F}
		{F9FE806D-74B8-4BDC-A514-FB2AD6578E04} = {381A6903-3D72-4C96-8CFD-FE1BD698235F}
		{F65171A3-166D-4FF6-9A66-4AA6C79743A2} = {381A6903-3D72-4C96-8CFD-FE1BD698235F}
	EndGlobalSection
EndGlobal
